// !$*UTF8*$!
{
	archiveVersion = 1;
	classes = {
	};
	objectVersion = 48;
	objects = {

/* Begin PBXBuildFile section */
		8611AF7B21017AAD0002663B /* Theme.swift in Sources */ = {isa = PBXBuildFile; fileRef = 8611AF7A21017AAD0002663B /* Theme.swift */; };
		8611AF8021017D3F0002663B /* FontStyle.swift in Sources */ = {isa = PBXBuildFile; fileRef = 8611AF7F21017D3F0002663B /* FontStyle.swift */; };
		8611AF83210186100002663B /* Montserrat-Medium.ttf in Resources */ = {isa = PBXBuildFile; fileRef = 8611AF82210186100002663B /* Montserrat-Medium.ttf */; };
		861FC57F210FF7BD0024783A /* Date.swift in Sources */ = {isa = PBXBuildFile; fileRef = 861FC57E210FF7BD0024783A /* Date.swift */; };
		861FC581211010480024783A /* UIEdgeInsets.swift in Sources */ = {isa = PBXBuildFile; fileRef = 861FC580211010480024783A /* UIEdgeInsets.swift */; };
		861FC583211015460024783A /* UIStackView.swift in Sources */ = {isa = PBXBuildFile; fileRef = 861FC582211015460024783A /* UIStackView.swift */; };
		8621A2CD20F6FE0A00A2D8B1 /* UITabBar.swift in Sources */ = {isa = PBXBuildFile; fileRef = 86F14E4A20F43FE300D1CF7D /* UITabBar.swift */; };
		8621A2CE20F6FE0A00A2D8B1 /* ApplicationCoordinator.swift in Sources */ = {isa = PBXBuildFile; fileRef = 86C0682320F4222D00A6B17A /* ApplicationCoordinator.swift */; };
		8621A2CF20F6FE0A00A2D8B1 /* AppResources.swift in Sources */ = {isa = PBXBuildFile; fileRef = 86F14E4E20F450B700D1CF7D /* AppResources.swift */; };
		8621A2D020F6FE0A00A2D8B1 /* StationsViewController.swift in Sources */ = {isa = PBXBuildFile; fileRef = 868D008220F00FFE00C9D8B1 /* StationsViewController.swift */; };
		8621A2D120F6FE0A00A2D8B1 /* Coordinator.swift in Sources */ = {isa = PBXBuildFile; fileRef = 86C0682720F4227900A6B17A /* Coordinator.swift */; };
		8621A2D220F6FE0A00A2D8B1 /* PluggableApplicationDelegate.swift in Sources */ = {isa = PBXBuildFile; fileRef = 86C0681F20F4176D00A6B17A /* PluggableApplicationDelegate.swift */; };
		8621A2D320F6FE0A00A2D8B1 /* WebResources.swift in Sources */ = {isa = PBXBuildFile; fileRef = 86695E2220F6E67C00F74150 /* WebResources.swift */; };
		8621A2D420F6FE0A00A2D8B1 /* RequestFactory.swift in Sources */ = {isa = PBXBuildFile; fileRef = 86695E2020F6E65900F74150 /* RequestFactory.swift */; };
		8621A2D520F6FE0A00A2D8B1 /* MapViewFactory.swift in Sources */ = {isa = PBXBuildFile; fileRef = 86F14E5120F4550200D1CF7D /* MapViewFactory.swift */; };
		8621A2D620F6FE0A00A2D8B1 /* UIColor.swift in Sources */ = {isa = PBXBuildFile; fileRef = 86F14E5320F45D3600D1CF7D /* UIColor.swift */; };
		8621A2D720F6FE0A00A2D8B1 /* StationsMapPresenter.swift in Sources */ = {isa = PBXBuildFile; fileRef = 86F14E5620F4662800D1CF7D /* StationsMapPresenter.swift */; };
		8621A2D820F6FE0A00A2D8B1 /* Utils.swift in Sources */ = {isa = PBXBuildFile; fileRef = 86F14E4C20F4500E00D1CF7D /* Utils.swift */; };
		8621A2D920F6FE0A00A2D8B1 /* Endpoints.swift in Sources */ = {isa = PBXBuildFile; fileRef = 86695E1E20F6D50600F74150 /* Endpoints.swift */; };
		8621A2DA20F6FE0A00A2D8B1 /* ResourceSynchronizerAppDelegate.swift in Sources */ = {isa = PBXBuildFile; fileRef = 86695E1B20F6D24400F74150 /* ResourceSynchronizerAppDelegate.swift */; };
		8621A2DB20F6FE0A00A2D8B1 /* ApplicationCoordinatorAppDelegate.swift in Sources */ = {isa = PBXBuildFile; fileRef = 86C0682120F41FF400A6B17A /* ApplicationCoordinatorAppDelegate.swift */; };
		8621A2DC20F6FE0A00A2D8B1 /* AppDelegate.swift in Sources */ = {isa = PBXBuildFile; fileRef = 868D008020F00FFE00C9D8B1 /* AppDelegate.swift */; };
		8621A2E120F6FE0A00A2D8B1 /* train-rail.geojson in Resources */ = {isa = PBXBuildFile; fileRef = 86C0680220F0175800A6B17A /* train-rail.geojson */; };
		8621A2E220F6FE0A00A2D8B1 /* LaunchScreen.storyboard in Resources */ = {isa = PBXBuildFile; fileRef = 868D008920F00FFF00C9D8B1 /* LaunchScreen.storyboard */; };
		8621A2E320F6FE0A00A2D8B1 /* Colors.xcassets in Resources */ = {isa = PBXBuildFile; fileRef = 86C0680620F0496300A6B17A /* Colors.xcassets */; };
		8621A2E420F6FE0A00A2D8B1 /* Assets.xcassets in Resources */ = {isa = PBXBuildFile; fileRef = 86F14E4820F43F6D00D1CF7D /* Assets.xcassets */; };
		8621A2E520F6FE0A00A2D8B1 /* AppIcon.xcassets in Resources */ = {isa = PBXBuildFile; fileRef = 86C0680A20F0532A00A6B17A /* AppIcon.xcassets */; };
		8621A2E620F6FE0A00A2D8B1 /* mapStyle.json in Resources */ = {isa = PBXBuildFile; fileRef = 86C0680420F01F7D00A6B17A /* mapStyle.json */; };
		8621A2EF20F7046200A2D8B1 /* AppConstants.swift in Sources */ = {isa = PBXBuildFile; fileRef = 8621A2ED20F7026400A2D8B1 /* AppConstants.swift */; };
		8621A30720F70C2E00A2D8B1 /* BaseService.swift in Sources */ = {isa = PBXBuildFile; fileRef = 8621A30620F70C2E00A2D8B1 /* BaseService.swift */; };
		8621A30C20F70DDB00A2D8B1 /* ActivitiesWebService.swift in Sources */ = {isa = PBXBuildFile; fileRef = 8621A30B20F70DDB00A2D8B1 /* ActivitiesWebService.swift */; };
		8621A30E20F70DF900A2D8B1 /* Activity.swift in Sources */ = {isa = PBXBuildFile; fileRef = 8621A30D20F70DF900A2D8B1 /* Activity.swift */; };
		8621A31020F7107000A2D8B1 /* DecodingError.swift in Sources */ = {isa = PBXBuildFile; fileRef = 8621A30F20F7107000A2D8B1 /* DecodingError.swift */; };
		862517CC20F84D2F002F2048 /* RealmHandler.swift in Sources */ = {isa = PBXBuildFile; fileRef = 862517CB20F84D2F002F2048 /* RealmHandler.swift */; };
		862517D120FD6ED0002F2048 /* UseCaseLocator.swift in Sources */ = {isa = PBXBuildFile; fileRef = 862517D020FD6ED0002F2048 /* UseCaseLocator.swift */; };
		862517D420FD7071002F2048 /* ActivitiesUseCaseImpl.swift in Sources */ = {isa = PBXBuildFile; fileRef = 862517D320FD7071002F2048 /* ActivitiesUseCaseImpl.swift */; };
		862517D820FD70D9002F2048 /* ActivitiesUseCase.swift in Sources */ = {isa = PBXBuildFile; fileRef = 862517D720FD70D9002F2048 /* ActivitiesUseCase.swift */; };
		862517DA20FD7851002F2048 /* ErrorResponse.swift in Sources */ = {isa = PBXBuildFile; fileRef = 862517D920FD7851002F2048 /* ErrorResponse.swift */; };
		862517E220FD7A32002F2048 /* RepositoryRealm.swift in Sources */ = {isa = PBXBuildFile; fileRef = 862517E120FD7A32002F2048 /* RepositoryRealm.swift */; };
		862517E420FD7FB6002F2048 /* ActivitiesRepository.swift in Sources */ = {isa = PBXBuildFile; fileRef = 862517E320FD7FB6002F2048 /* ActivitiesRepository.swift */; };
		862517E720FD8001002F2048 /* RealmActivity.swift in Sources */ = {isa = PBXBuildFile; fileRef = 862517E620FD8001002F2048 /* RealmActivity.swift */; };
		86385C7521335D91002EA9DF /* ColorCell.swift in Sources */ = {isa = PBXBuildFile; fileRef = 86385C7421335D91002EA9DF /* ColorCell.swift */; };
		86385C7721335ED3002EA9DF /* IconCell.swift in Sources */ = {isa = PBXBuildFile; fileRef = 86385C7621335ED3002EA9DF /* IconCell.swift */; };
		86385C7A213362DC002EA9DF /* CardBalancePresenter.swift in Sources */ = {isa = PBXBuildFile; fileRef = 86385C79213362DC002EA9DF /* CardBalancePresenter.swift */; };
		86385C7D21336C2E002EA9DF /* CardBalanceCordinator.swift in Sources */ = {isa = PBXBuildFile; fileRef = 86385C7C21336C2E002EA9DF /* CardBalanceCordinator.swift */; };
		86385C8421337437002EA9DF /* CardBalanceWebService.swift in Sources */ = {isa = PBXBuildFile; fileRef = 86385C8321337437002EA9DF /* CardBalanceWebService.swift */; };
		86385C862133747E002EA9DF /* Card.swift in Sources */ = {isa = PBXBuildFile; fileRef = 86385C852133747E002EA9DF /* Card.swift */; };
		86385C8821337558002EA9DF /* RealmCard.swift in Sources */ = {isa = PBXBuildFile; fileRef = 86385C8721337558002EA9DF /* RealmCard.swift */; };
		86385C8A21338392002EA9DF /* CardUseCase.swift in Sources */ = {isa = PBXBuildFile; fileRef = 86385C8921338392002EA9DF /* CardUseCase.swift */; };
		86385C8C2133840E002EA9DF /* CardUseCaseImpl.swift in Sources */ = {isa = PBXBuildFile; fileRef = 86385C8B2133840E002EA9DF /* CardUseCaseImpl.swift */; };
		863EF66B211BEC26003FEBEC /* ActivitiesBoardViewController+EventSchedule.swift in Sources */ = {isa = PBXBuildFile; fileRef = 863EF66A211BEC26003FEBEC /* ActivitiesBoardViewController+EventSchedule.swift */; };
		8641325020FFF4E10031F4F4 /* ActivitiesBoardViewController.swift in Sources */ = {isa = PBXBuildFile; fileRef = 8641324F20FFF4E10031F4F4 /* ActivitiesBoardViewController.swift */; };
		8641325220FFF6ED0031F4F4 /* UIView.swift in Sources */ = {isa = PBXBuildFile; fileRef = 8641325120FFF6ED0031F4F4 /* UIView.swift */; };
		8641325520FFFFD00031F4F4 /* AcvtivityCell.swift in Sources */ = {isa = PBXBuildFile; fileRef = 8641325420FFFFD00031F4F4 /* AcvtivityCell.swift */; };
		864132582100017A0031F4F4 /* ReusableIdentifier.swift in Sources */ = {isa = PBXBuildFile; fileRef = 864132572100017A0031F4F4 /* ReusableIdentifier.swift */; };
		8641325A21000DA70031F4F4 /* ActivitiesBoardPresenter.swift in Sources */ = {isa = PBXBuildFile; fileRef = 8641325921000DA70031F4F4 /* ActivitiesBoardPresenter.swift */; };
		8641325C210019360031F4F4 /* ActivitiesBoardViewController+DataSource.swift in Sources */ = {isa = PBXBuildFile; fileRef = 8641325B210019360031F4F4 /* ActivitiesBoardViewController+DataSource.swift */; };
		864A38A62102A062006AD3A0 /* Frameworks.framework in Frameworks */ = {isa = PBXBuildFile; fileRef = 864A389D2102A061006AD3A0 /* Frameworks.framework */; };
		864A38AD2102A062006AD3A0 /* FrameworksTests.swift in Sources */ = {isa = PBXBuildFile; fileRef = 864A38AC2102A062006AD3A0 /* FrameworksTests.swift */; };
		864A38AF2102A062006AD3A0 /* Frameworks.h in Headers */ = {isa = PBXBuildFile; fileRef = 864A389F2102A062006AD3A0 /* Frameworks.h */; settings = {ATTRIBUTES = (Public, ); }; };
		864A38BA2102A08A006AD3A0 /* EventKit.framework in Frameworks */ = {isa = PBXBuildFile; fileRef = 864A389221029335006AD3A0 /* EventKit.framework */; };
		864A38BB2102A08A006AD3A0 /* EventKitUI.framework in Frameworks */ = {isa = PBXBuildFile; fileRef = 864A389321029336006AD3A0 /* EventKitUI.framework */; };
		864A38C22102A343006AD3A0 /* Mapbox.framework in Frameworks */ = {isa = PBXBuildFile; fileRef = 868D00B020F014F900C9D8B1 /* Mapbox.framework */; };
		864A38C52102B86D006AD3A0 /* Frameworks.framework in Embed Frameworks */ = {isa = PBXBuildFile; fileRef = 864A389D2102A061006AD3A0 /* Frameworks.framework */; settings = {ATTRIBUTES = (CodeSignOnCopy, RemoveHeadersOnCopy, ); }; };
		864C6FDD212CE7DE0072C26B /* IconsCataloge.ttf in Resources */ = {isa = PBXBuildFile; fileRef = 864C6FDC212CE7DE0072C26B /* IconsCataloge.ttf */; };
		864FE4D221163E170053DFB1 /* UIFactory.swift in Sources */ = {isa = PBXBuildFile; fileRef = 864FE4D121163E170053DFB1 /* UIFactory.swift */; };
		864FE4D42116422A0053DFB1 /* UIThemes.swift in Sources */ = {isa = PBXBuildFile; fileRef = 864FE4D32116422A0053DFB1 /* UIThemes.swift */; };
		8652A35B2129074700ED1910 /* CardBalancePicker.swift in Sources */ = {isa = PBXBuildFile; fileRef = 8652A35A2129074700ED1910 /* CardBalancePicker.swift */; };
		8652A35D212915CA00ED1910 /* BalanceEmptyMessageView.swift in Sources */ = {isa = PBXBuildFile; fileRef = 8652A35C212915C900ED1910 /* BalanceEmptyMessageView.swift */; };
		8652A361212A407600ED1910 /* CardBalanceViewController.swift in Sources */ = {isa = PBXBuildFile; fileRef = 8652A360212A407600ED1910 /* CardBalanceViewController.swift */; };
		8652A363212B2D3500ED1910 /* CardBalanceTransition.swift in Sources */ = {isa = PBXBuildFile; fileRef = 8652A362212B2D3500ED1910 /* CardBalanceTransition.swift */; };
		867468E221018BAD00E4809D /* String.swift in Sources */ = {isa = PBXBuildFile; fileRef = 867468E121018BAD00E4809D /* String.swift */; };
		867468E4210194A700E4809D /* OpenSansCondensed-Bold.ttf in Resources */ = {isa = PBXBuildFile; fileRef = 867468E3210194A700E4809D /* OpenSansCondensed-Bold.ttf */; };
		868128462122748900A7A011 /* MainNavigationViewController.swift in Sources */ = {isa = PBXBuildFile; fileRef = 868128452122748900A7A011 /* MainNavigationViewController.swift */; };
		868128482123AAF200A7A011 /* MenuItemView.swift in Sources */ = {isa = PBXBuildFile; fileRef = 868128472123AAF200A7A011 /* MenuItemView.swift */; };
		868128512123BAFA00A7A011 /* MoreBoardViewController.swift in Sources */ = {isa = PBXBuildFile; fileRef = 868128502123BAFA00A7A011 /* MoreBoardViewController.swift */; };
		868128532123CA1B00A7A011 /* NSLayoutAnchor.swift in Sources */ = {isa = PBXBuildFile; fileRef = 868128522123CA1B00A7A011 /* NSLayoutAnchor.swift */; };
		868D009620F00FFF00C9D8B1 /* suburbanoTests.swift in Sources */ = {isa = PBXBuildFile; fileRef = 868D009520F00FFF00C9D8B1 /* suburbanoTests.swift */; };
		868D00A120F00FFF00C9D8B1 /* suburbanoUITests.swift in Sources */ = {isa = PBXBuildFile; fileRef = 868D00A020F00FFF00C9D8B1 /* suburbanoUITests.swift */; };
		869E1D102134BA04004BE0A9 /* CardRepository.swift in Sources */ = {isa = PBXBuildFile; fileRef = 869E1D0F2134BA04004BE0A9 /* CardRepository.swift */; };
		869E1D122134C9D0004BE0A9 /* RealmAppDelegate.swift in Sources */ = {isa = PBXBuildFile; fileRef = 869E1D112134C9D0004BE0A9 /* RealmAppDelegate.swift */; };
		869E2CC721250C9300B2FA9F /* PopUpViewController.swift in Sources */ = {isa = PBXBuildFile; fileRef = 869E2CC621250C9300B2FA9F /* PopUpViewController.swift */; };
		869E2CC9212524DB00B2FA9F /* PopUpTransition.swift in Sources */ = {isa = PBXBuildFile; fileRef = 869E2CC8212524DB00B2FA9F /* PopUpTransition.swift */; };
		869E2CCB2125347500B2FA9F /* Montserrat-Bold.ttf in Resources */ = {isa = PBXBuildFile; fileRef = 869E2CCA2125347500B2FA9F /* Montserrat-Bold.ttf */; };
		869E2CCD2125380600B2FA9F /* UIButton.swift in Sources */ = {isa = PBXBuildFile; fileRef = 869E2CCC2125380600B2FA9F /* UIButton.swift */; };
		869E2CCF21277D1600B2FA9F /* StationMapAnnotation.swift in Sources */ = {isa = PBXBuildFile; fileRef = 869E2CCE21277D1600B2FA9F /* StationMapAnnotation.swift */; };
		869E40E121371CC900EB133F /* loading.json in Resources */ = {isa = PBXBuildFile; fileRef = 869E40E021371CC900EB133F /* loading.json */; };
		869E40E321371CE100EB133F /* success.json in Resources */ = {isa = PBXBuildFile; fileRef = 869E40E221371CE100EB133F /* success.json */; };
		86B1F49121094F7E00BFD6A9 /* MainCordinator.swift in Sources */ = {isa = PBXBuildFile; fileRef = 86B1F49021094F7E00BFD6A9 /* MainCordinator.swift */; };
		86B830DC2137422A0063AC75 /* LoadingView.swift in Sources */ = {isa = PBXBuildFile; fileRef = 86B830DB2137422A0063AC75 /* LoadingView.swift */; };
		86B830DE213765A80063AC75 /* AlertContext.swift in Sources */ = {isa = PBXBuildFile; fileRef = 86B830DD213765A80063AC75 /* AlertContext.swift */; };
		86B830E1213843FB0063AC75 /* CardCell.swift in Sources */ = {isa = PBXBuildFile; fileRef = 86B830E0213843FB0063AC75 /* CardCell.swift */; };
		86B830E3213844440063AC75 /* FadingCollectionLayout.swift in Sources */ = {isa = PBXBuildFile; fileRef = 86B830E2213844440063AC75 /* FadingCollectionLayout.swift */; };
		86B830E52138485A0063AC75 /* FadingCollectionView.swift in Sources */ = {isa = PBXBuildFile; fileRef = 86B830E42138485A0063AC75 /* FadingCollectionView.swift */; };
		86B830E8213857EA0063AC75 /* Notifications.swift in Sources */ = {isa = PBXBuildFile; fileRef = 86B830E7213857EA0063AC75 /* Notifications.swift */; };
		86CB75E4212B607200DBDB98 /* IconPickerView.swift in Sources */ = {isa = PBXBuildFile; fileRef = 86CB75E3212B607200DBDB98 /* IconPickerView.swift */; };
		86CB75E6212B6BCD00DBDB98 /* CustomeTextField.swift in Sources */ = {isa = PBXBuildFile; fileRef = 86CB75E5212B6BCD00DBDB98 /* CustomeTextField.swift */; };
		86CB75E8212B834200DBDB98 /* Utils+Screen.swift in Sources */ = {isa = PBXBuildFile; fileRef = 86CB75E7212B834200DBDB98 /* Utils+Screen.swift */; };
		86CB75EC212B9F8800DBDB98 /* IconInputView.swift in Sources */ = {isa = PBXBuildFile; fileRef = 86CB75EB212B9F8800DBDB98 /* IconInputView.swift */; };
/* End PBXBuildFile section */

/* Begin PBXContainerItemProxy section */
		864A38A72102A062006AD3A0 /* PBXContainerItemProxy */ = {
			isa = PBXContainerItemProxy;
			containerPortal = 868D007520F00FFE00C9D8B1 /* Project object */;
			proxyType = 1;
			remoteGlobalIDString = 864A389C2102A061006AD3A0;
			remoteInfo = Frameworks;
		};
		864A38A92102A062006AD3A0 /* PBXContainerItemProxy */ = {
			isa = PBXContainerItemProxy;
			containerPortal = 868D007520F00FFE00C9D8B1 /* Project object */;
			proxyType = 1;
			remoteGlobalIDString = 8621A2CB20F6FE0A00A2D8B1;
			remoteInfo = suburbano;
		};
		864A38B02102A062006AD3A0 /* PBXContainerItemProxy */ = {
			isa = PBXContainerItemProxy;
			containerPortal = 868D007520F00FFE00C9D8B1 /* Project object */;
			proxyType = 1;
			remoteGlobalIDString = 864A389C2102A061006AD3A0;
			remoteInfo = Frameworks;
		};
/* End PBXContainerItemProxy section */

/* Begin PBXCopyFilesBuildPhase section */
		8621A2FE20F7075500A2D8B1 /* Embed Frameworks */ = {
			isa = PBXCopyFilesBuildPhase;
			buildActionMask = 2147483647;
			dstPath = "";
			dstSubfolderSpec = 10;
			files = (
				864A38C52102B86D006AD3A0 /* Frameworks.framework in Embed Frameworks */,
			);
			name = "Embed Frameworks";
			runOnlyForDeploymentPostprocessing = 0;
		};
/* End PBXCopyFilesBuildPhase section */

/* Begin PBXFileReference section */
		8611AF7A21017AAD0002663B /* Theme.swift */ = {isa = PBXFileReference; lastKnownFileType = sourcecode.swift; path = Theme.swift; sourceTree = "<group>"; };
		8611AF7F21017D3F0002663B /* FontStyle.swift */ = {isa = PBXFileReference; lastKnownFileType = sourcecode.swift; path = FontStyle.swift; sourceTree = "<group>"; };
		8611AF82210186100002663B /* Montserrat-Medium.ttf */ = {isa = PBXFileReference; lastKnownFileType = file; name = "Montserrat-Medium.ttf"; path = "suburbano/Assets/Fonts/Montserrat-Medium.ttf"; sourceTree = SOURCE_ROOT; };
		861FC57E210FF7BD0024783A /* Date.swift */ = {isa = PBXFileReference; lastKnownFileType = sourcecode.swift; path = Date.swift; sourceTree = "<group>"; };
		861FC580211010480024783A /* UIEdgeInsets.swift */ = {isa = PBXFileReference; lastKnownFileType = sourcecode.swift; path = UIEdgeInsets.swift; sourceTree = "<group>"; };
		861FC582211015460024783A /* UIStackView.swift */ = {isa = PBXFileReference; lastKnownFileType = sourcecode.swift; path = UIStackView.swift; sourceTree = "<group>"; };
		8621A2EB20F6FE0A00A2D8B1 /* suburbano.app */ = {isa = PBXFileReference; explicitFileType = wrapper.application; includeInIndex = 0; path = suburbano.app; sourceTree = BUILT_PRODUCTS_DIR; };
		8621A2ED20F7026400A2D8B1 /* AppConstants.swift */ = {isa = PBXFileReference; lastKnownFileType = sourcecode.swift; path = AppConstants.swift; sourceTree = "<group>"; };
		8621A30620F70C2E00A2D8B1 /* BaseService.swift */ = {isa = PBXFileReference; lastKnownFileType = sourcecode.swift; path = BaseService.swift; sourceTree = "<group>"; };
		8621A30B20F70DDB00A2D8B1 /* ActivitiesWebService.swift */ = {isa = PBXFileReference; lastKnownFileType = sourcecode.swift; path = ActivitiesWebService.swift; sourceTree = "<group>"; };
		8621A30D20F70DF900A2D8B1 /* Activity.swift */ = {isa = PBXFileReference; lastKnownFileType = sourcecode.swift; path = Activity.swift; sourceTree = "<group>"; };
		8621A30F20F7107000A2D8B1 /* DecodingError.swift */ = {isa = PBXFileReference; lastKnownFileType = sourcecode.swift; path = DecodingError.swift; sourceTree = "<group>"; };
		862517CB20F84D2F002F2048 /* RealmHandler.swift */ = {isa = PBXFileReference; lastKnownFileType = sourcecode.swift; path = RealmHandler.swift; sourceTree = "<group>"; };
		862517D020FD6ED0002F2048 /* UseCaseLocator.swift */ = {isa = PBXFileReference; lastKnownFileType = sourcecode.swift; path = UseCaseLocator.swift; sourceTree = "<group>"; };
		862517D320FD7071002F2048 /* ActivitiesUseCaseImpl.swift */ = {isa = PBXFileReference; lastKnownFileType = sourcecode.swift; path = ActivitiesUseCaseImpl.swift; sourceTree = "<group>"; };
		862517D720FD70D9002F2048 /* ActivitiesUseCase.swift */ = {isa = PBXFileReference; lastKnownFileType = sourcecode.swift; path = ActivitiesUseCase.swift; sourceTree = "<group>"; };
		862517D920FD7851002F2048 /* ErrorResponse.swift */ = {isa = PBXFileReference; lastKnownFileType = sourcecode.swift; path = ErrorResponse.swift; sourceTree = "<group>"; };
		862517E120FD7A32002F2048 /* RepositoryRealm.swift */ = {isa = PBXFileReference; lastKnownFileType = sourcecode.swift; path = RepositoryRealm.swift; sourceTree = "<group>"; };
		862517E320FD7FB6002F2048 /* ActivitiesRepository.swift */ = {isa = PBXFileReference; lastKnownFileType = sourcecode.swift; path = ActivitiesRepository.swift; sourceTree = "<group>"; };
		862517E620FD8001002F2048 /* RealmActivity.swift */ = {isa = PBXFileReference; lastKnownFileType = sourcecode.swift; path = RealmActivity.swift; sourceTree = "<group>"; };
		86385C7421335D91002EA9DF /* ColorCell.swift */ = {isa = PBXFileReference; lastKnownFileType = sourcecode.swift; path = ColorCell.swift; sourceTree = "<group>"; };
		86385C7621335ED3002EA9DF /* IconCell.swift */ = {isa = PBXFileReference; lastKnownFileType = sourcecode.swift; path = IconCell.swift; sourceTree = "<group>"; };
		86385C79213362DC002EA9DF /* CardBalancePresenter.swift */ = {isa = PBXFileReference; lastKnownFileType = sourcecode.swift; path = CardBalancePresenter.swift; sourceTree = "<group>"; };
		86385C7C21336C2E002EA9DF /* CardBalanceCordinator.swift */ = {isa = PBXFileReference; lastKnownFileType = sourcecode.swift; path = CardBalanceCordinator.swift; sourceTree = "<group>"; };
		86385C8321337437002EA9DF /* CardBalanceWebService.swift */ = {isa = PBXFileReference; lastKnownFileType = sourcecode.swift; path = CardBalanceWebService.swift; sourceTree = "<group>"; };
		86385C852133747E002EA9DF /* Card.swift */ = {isa = PBXFileReference; lastKnownFileType = sourcecode.swift; path = Card.swift; sourceTree = "<group>"; };
		86385C8721337558002EA9DF /* RealmCard.swift */ = {isa = PBXFileReference; lastKnownFileType = sourcecode.swift; path = RealmCard.swift; sourceTree = "<group>"; };
		86385C8921338392002EA9DF /* CardUseCase.swift */ = {isa = PBXFileReference; lastKnownFileType = sourcecode.swift; path = CardUseCase.swift; sourceTree = "<group>"; };
		86385C8B2133840E002EA9DF /* CardUseCaseImpl.swift */ = {isa = PBXFileReference; lastKnownFileType = sourcecode.swift; path = CardUseCaseImpl.swift; sourceTree = "<group>"; };
		863EF66A211BEC26003FEBEC /* ActivitiesBoardViewController+EventSchedule.swift */ = {isa = PBXFileReference; lastKnownFileType = sourcecode.swift; path = "ActivitiesBoardViewController+EventSchedule.swift"; sourceTree = "<group>"; };
		8641324F20FFF4E10031F4F4 /* ActivitiesBoardViewController.swift */ = {isa = PBXFileReference; lastKnownFileType = sourcecode.swift; path = ActivitiesBoardViewController.swift; sourceTree = "<group>"; };
		8641325120FFF6ED0031F4F4 /* UIView.swift */ = {isa = PBXFileReference; lastKnownFileType = sourcecode.swift; path = UIView.swift; sourceTree = "<group>"; };
		8641325420FFFFD00031F4F4 /* AcvtivityCell.swift */ = {isa = PBXFileReference; lastKnownFileType = sourcecode.swift; path = AcvtivityCell.swift; sourceTree = "<group>"; };
		864132572100017A0031F4F4 /* ReusableIdentifier.swift */ = {isa = PBXFileReference; lastKnownFileType = sourcecode.swift; path = ReusableIdentifier.swift; sourceTree = "<group>"; };
		8641325921000DA70031F4F4 /* ActivitiesBoardPresenter.swift */ = {isa = PBXFileReference; lastKnownFileType = sourcecode.swift; path = ActivitiesBoardPresenter.swift; sourceTree = "<group>"; };
		8641325B210019360031F4F4 /* ActivitiesBoardViewController+DataSource.swift */ = {isa = PBXFileReference; lastKnownFileType = sourcecode.swift; path = "ActivitiesBoardViewController+DataSource.swift"; sourceTree = "<group>"; };
		864A389221029335006AD3A0 /* EventKit.framework */ = {isa = PBXFileReference; lastKnownFileType = wrapper.framework; name = EventKit.framework; path = System/Library/Frameworks/EventKit.framework; sourceTree = SDKROOT; };
		864A389321029336006AD3A0 /* EventKitUI.framework */ = {isa = PBXFileReference; lastKnownFileType = wrapper.framework; name = EventKitUI.framework; path = System/Library/Frameworks/EventKitUI.framework; sourceTree = SDKROOT; };
		864A389D2102A061006AD3A0 /* Frameworks.framework */ = {isa = PBXFileReference; explicitFileType = wrapper.framework; includeInIndex = 0; path = Frameworks.framework; sourceTree = BUILT_PRODUCTS_DIR; };
		864A389F2102A062006AD3A0 /* Frameworks.h */ = {isa = PBXFileReference; lastKnownFileType = sourcecode.c.h; path = Frameworks.h; sourceTree = "<group>"; };
		864A38A02102A062006AD3A0 /* Info.plist */ = {isa = PBXFileReference; lastKnownFileType = text.plist.xml; path = Info.plist; sourceTree = "<group>"; };
		864A38A52102A062006AD3A0 /* FrameworksTests.xctest */ = {isa = PBXFileReference; explicitFileType = wrapper.cfbundle; includeInIndex = 0; path = FrameworksTests.xctest; sourceTree = BUILT_PRODUCTS_DIR; };
		864A38AC2102A062006AD3A0 /* FrameworksTests.swift */ = {isa = PBXFileReference; lastKnownFileType = sourcecode.swift; path = FrameworksTests.swift; sourceTree = "<group>"; };
		864A38AE2102A062006AD3A0 /* Info.plist */ = {isa = PBXFileReference; lastKnownFileType = text.plist.xml; path = Info.plist; sourceTree = "<group>"; };
		864A38BE2102A2A4006AD3A0 /* Realm.framework */ = {isa = PBXFileReference; lastKnownFileType = wrapper.framework; name = Realm.framework; path = Carthage/Build/iOS/Realm.framework; sourceTree = "<group>"; };
		864A38BF2102A2A4006AD3A0 /* RealmSwift.framework */ = {isa = PBXFileReference; lastKnownFileType = wrapper.framework; name = RealmSwift.framework; path = Carthage/Build/iOS/RealmSwift.framework; sourceTree = "<group>"; };
		864C6FDC212CE7DE0072C26B /* IconsCataloge.ttf */ = {isa = PBXFileReference; lastKnownFileType = file; path = IconsCataloge.ttf; sourceTree = "<group>"; };
		864FE4D121163E170053DFB1 /* UIFactory.swift */ = {isa = PBXFileReference; lastKnownFileType = sourcecode.swift; path = UIFactory.swift; sourceTree = "<group>"; };
		864FE4D32116422A0053DFB1 /* UIThemes.swift */ = {isa = PBXFileReference; lastKnownFileType = sourcecode.swift; path = UIThemes.swift; sourceTree = "<group>"; };
		8652A35A2129074700ED1910 /* CardBalancePicker.swift */ = {isa = PBXFileReference; lastKnownFileType = sourcecode.swift; path = CardBalancePicker.swift; sourceTree = "<group>"; };
		8652A35C212915C900ED1910 /* BalanceEmptyMessageView.swift */ = {isa = PBXFileReference; lastKnownFileType = sourcecode.swift; path = BalanceEmptyMessageView.swift; sourceTree = "<group>"; };
		8652A360212A407600ED1910 /* CardBalanceViewController.swift */ = {isa = PBXFileReference; lastKnownFileType = sourcecode.swift; path = CardBalanceViewController.swift; sourceTree = "<group>"; };
		8652A362212B2D3500ED1910 /* CardBalanceTransition.swift */ = {isa = PBXFileReference; lastKnownFileType = sourcecode.swift; path = CardBalanceTransition.swift; sourceTree = "<group>"; };
		86695E1B20F6D24400F74150 /* ResourceSynchronizerAppDelegate.swift */ = {isa = PBXFileReference; lastKnownFileType = sourcecode.swift; path = ResourceSynchronizerAppDelegate.swift; sourceTree = "<group>"; };
		86695E1E20F6D50600F74150 /* Endpoints.swift */ = {isa = PBXFileReference; lastKnownFileType = sourcecode.swift; path = Endpoints.swift; sourceTree = "<group>"; };
		86695E2020F6E65900F74150 /* RequestFactory.swift */ = {isa = PBXFileReference; lastKnownFileType = sourcecode.swift; path = RequestFactory.swift; sourceTree = "<group>"; };
		86695E2220F6E67C00F74150 /* WebResources.swift */ = {isa = PBXFileReference; lastKnownFileType = sourcecode.swift; path = WebResources.swift; sourceTree = "<group>"; };
		867468E121018BAD00E4809D /* String.swift */ = {isa = PBXFileReference; lastKnownFileType = sourcecode.swift; path = String.swift; sourceTree = "<group>"; };
		867468E3210194A700E4809D /* OpenSansCondensed-Bold.ttf */ = {isa = PBXFileReference; lastKnownFileType = file; name = "OpenSansCondensed-Bold.ttf"; path = "Open_Sans_Condensed/OpenSansCondensed-Bold.ttf"; sourceTree = "<group>"; };
		868128452122748900A7A011 /* MainNavigationViewController.swift */ = {isa = PBXFileReference; lastKnownFileType = sourcecode.swift; path = MainNavigationViewController.swift; sourceTree = "<group>"; };
		868128472123AAF200A7A011 /* MenuItemView.swift */ = {isa = PBXFileReference; lastKnownFileType = sourcecode.swift; path = MenuItemView.swift; sourceTree = "<group>"; };
		868128502123BAFA00A7A011 /* MoreBoardViewController.swift */ = {isa = PBXFileReference; lastKnownFileType = sourcecode.swift; path = MoreBoardViewController.swift; sourceTree = "<group>"; };
		868128522123CA1B00A7A011 /* NSLayoutAnchor.swift */ = {isa = PBXFileReference; lastKnownFileType = sourcecode.swift; path = NSLayoutAnchor.swift; sourceTree = "<group>"; };
		868D008020F00FFE00C9D8B1 /* AppDelegate.swift */ = {isa = PBXFileReference; lastKnownFileType = sourcecode.swift; path = AppDelegate.swift; sourceTree = "<group>"; };
		868D008220F00FFE00C9D8B1 /* StationsViewController.swift */ = {isa = PBXFileReference; lastKnownFileType = sourcecode.swift; path = StationsViewController.swift; sourceTree = "<group>"; };
		868D008A20F00FFF00C9D8B1 /* Base */ = {isa = PBXFileReference; lastKnownFileType = file.storyboard; name = Base; path = Base.lproj/LaunchScreen.storyboard; sourceTree = "<group>"; };
		868D008C20F00FFF00C9D8B1 /* Info.plist */ = {isa = PBXFileReference; lastKnownFileType = text.plist.xml; path = Info.plist; sourceTree = "<group>"; };
		868D009120F00FFF00C9D8B1 /* suburbanoTests.xctest */ = {isa = PBXFileReference; explicitFileType = wrapper.cfbundle; includeInIndex = 0; path = suburbanoTests.xctest; sourceTree = BUILT_PRODUCTS_DIR; };
		868D009520F00FFF00C9D8B1 /* suburbanoTests.swift */ = {isa = PBXFileReference; lastKnownFileType = sourcecode.swift; path = suburbanoTests.swift; sourceTree = "<group>"; };
		868D009720F00FFF00C9D8B1 /* Info.plist */ = {isa = PBXFileReference; lastKnownFileType = text.plist.xml; path = Info.plist; sourceTree = "<group>"; };
		868D009C20F00FFF00C9D8B1 /* suburbanoUITests.xctest */ = {isa = PBXFileReference; explicitFileType = wrapper.cfbundle; includeInIndex = 0; path = suburbanoUITests.xctest; sourceTree = BUILT_PRODUCTS_DIR; };
		868D00A020F00FFF00C9D8B1 /* suburbanoUITests.swift */ = {isa = PBXFileReference; lastKnownFileType = sourcecode.swift; path = suburbanoUITests.swift; sourceTree = "<group>"; };
		868D00A220F00FFF00C9D8B1 /* Info.plist */ = {isa = PBXFileReference; lastKnownFileType = text.plist.xml; path = Info.plist; sourceTree = "<group>"; };
		868D00B020F014F900C9D8B1 /* Mapbox.framework */ = {isa = PBXFileReference; lastKnownFileType = wrapper.framework; name = Mapbox.framework; path = Carthage/Build/iOS/Mapbox.framework; sourceTree = "<group>"; };
		869E1D0F2134BA04004BE0A9 /* CardRepository.swift */ = {isa = PBXFileReference; lastKnownFileType = sourcecode.swift; path = CardRepository.swift; sourceTree = "<group>"; };
		869E1D112134C9D0004BE0A9 /* RealmAppDelegate.swift */ = {isa = PBXFileReference; lastKnownFileType = sourcecode.swift; path = RealmAppDelegate.swift; sourceTree = "<group>"; };
		869E1D132134CEA0004BE0A9 /* suburbano.entitlements */ = {isa = PBXFileReference; lastKnownFileType = text.plist.entitlements; path = suburbano.entitlements; sourceTree = "<group>"; };
		869E2CC621250C9300B2FA9F /* PopUpViewController.swift */ = {isa = PBXFileReference; lastKnownFileType = sourcecode.swift; path = PopUpViewController.swift; sourceTree = "<group>"; };
		869E2CC8212524DB00B2FA9F /* PopUpTransition.swift */ = {isa = PBXFileReference; lastKnownFileType = sourcecode.swift; path = PopUpTransition.swift; sourceTree = "<group>"; };
		869E2CCA2125347500B2FA9F /* Montserrat-Bold.ttf */ = {isa = PBXFileReference; lastKnownFileType = file; name = "Montserrat-Bold.ttf"; path = "Montserrat/Montserrat-Bold.ttf"; sourceTree = "<group>"; };
		869E2CCC2125380600B2FA9F /* UIButton.swift */ = {isa = PBXFileReference; lastKnownFileType = sourcecode.swift; path = UIButton.swift; sourceTree = "<group>"; };
		869E2CCE21277D1600B2FA9F /* StationMapAnnotation.swift */ = {isa = PBXFileReference; lastKnownFileType = sourcecode.swift; path = StationMapAnnotation.swift; sourceTree = "<group>"; };
		869E40E021371CC900EB133F /* loading.json */ = {isa = PBXFileReference; fileEncoding = 4; lastKnownFileType = text.json; path = loading.json; sourceTree = "<group>"; };
		869E40E221371CE100EB133F /* success.json */ = {isa = PBXFileReference; fileEncoding = 4; lastKnownFileType = text.json; path = success.json; sourceTree = "<group>"; };
		86B1F49021094F7E00BFD6A9 /* MainCordinator.swift */ = {isa = PBXFileReference; lastKnownFileType = sourcecode.swift; path = MainCordinator.swift; sourceTree = "<group>"; };
		86B830DB2137422A0063AC75 /* LoadingView.swift */ = {isa = PBXFileReference; lastKnownFileType = sourcecode.swift; path = LoadingView.swift; sourceTree = "<group>"; };
		86B830DD213765A80063AC75 /* AlertContext.swift */ = {isa = PBXFileReference; lastKnownFileType = sourcecode.swift; path = AlertContext.swift; sourceTree = "<group>"; };
		86B830E0213843FB0063AC75 /* CardCell.swift */ = {isa = PBXFileReference; lastKnownFileType = sourcecode.swift; path = CardCell.swift; sourceTree = "<group>"; };
		86B830E2213844440063AC75 /* FadingCollectionLayout.swift */ = {isa = PBXFileReference; lastKnownFileType = sourcecode.swift; path = FadingCollectionLayout.swift; sourceTree = "<group>"; };
		86B830E42138485A0063AC75 /* FadingCollectionView.swift */ = {isa = PBXFileReference; lastKnownFileType = sourcecode.swift; path = FadingCollectionView.swift; sourceTree = "<group>"; };
		86B830E7213857EA0063AC75 /* Notifications.swift */ = {isa = PBXFileReference; lastKnownFileType = sourcecode.swift; path = Notifications.swift; sourceTree = "<group>"; };
		86C0680220F0175800A6B17A /* train-rail.geojson */ = {isa = PBXFileReference; fileEncoding = 4; lastKnownFileType = text; path = "train-rail.geojson"; sourceTree = "<group>"; };
		86C0680420F01F7D00A6B17A /* mapStyle.json */ = {isa = PBXFileReference; fileEncoding = 4; lastKnownFileType = text.json; path = mapStyle.json; sourceTree = "<group>"; };
		86C0680620F0496300A6B17A /* Colors.xcassets */ = {isa = PBXFileReference; lastKnownFileType = folder.assetcatalog; path = Colors.xcassets; sourceTree = "<group>"; };
		86C0680A20F0532A00A6B17A /* AppIcon.xcassets */ = {isa = PBXFileReference; lastKnownFileType = folder.assetcatalog; path = AppIcon.xcassets; sourceTree = "<group>"; };
		86C0681F20F4176D00A6B17A /* PluggableApplicationDelegate.swift */ = {isa = PBXFileReference; lastKnownFileType = sourcecode.swift; path = PluggableApplicationDelegate.swift; sourceTree = "<group>"; };
		86C0682120F41FF400A6B17A /* ApplicationCoordinatorAppDelegate.swift */ = {isa = PBXFileReference; lastKnownFileType = sourcecode.swift; path = ApplicationCoordinatorAppDelegate.swift; sourceTree = "<group>"; };
		86C0682320F4222D00A6B17A /* ApplicationCoordinator.swift */ = {isa = PBXFileReference; lastKnownFileType = sourcecode.swift; path = ApplicationCoordinator.swift; sourceTree = "<group>"; };
		86C0682720F4227900A6B17A /* Coordinator.swift */ = {isa = PBXFileReference; lastKnownFileType = sourcecode.swift; path = Coordinator.swift; sourceTree = "<group>"; };
		86CB75E3212B607200DBDB98 /* IconPickerView.swift */ = {isa = PBXFileReference; lastKnownFileType = sourcecode.swift; path = IconPickerView.swift; sourceTree = "<group>"; };
		86CB75E5212B6BCD00DBDB98 /* CustomeTextField.swift */ = {isa = PBXFileReference; lastKnownFileType = sourcecode.swift; path = CustomeTextField.swift; sourceTree = "<group>"; };
		86CB75E7212B834200DBDB98 /* Utils+Screen.swift */ = {isa = PBXFileReference; lastKnownFileType = sourcecode.swift; path = "Utils+Screen.swift"; sourceTree = "<group>"; };
		86CB75EB212B9F8800DBDB98 /* IconInputView.swift */ = {isa = PBXFileReference; lastKnownFileType = sourcecode.swift; path = IconInputView.swift; sourceTree = "<group>"; };
		86F14E4820F43F6D00D1CF7D /* Assets.xcassets */ = {isa = PBXFileReference; lastKnownFileType = folder.assetcatalog; path = Assets.xcassets; sourceTree = "<group>"; };
		86F14E4A20F43FE300D1CF7D /* UITabBar.swift */ = {isa = PBXFileReference; lastKnownFileType = sourcecode.swift; path = UITabBar.swift; sourceTree = "<group>"; };
		86F14E4C20F4500E00D1CF7D /* Utils.swift */ = {isa = PBXFileReference; lastKnownFileType = sourcecode.swift; path = Utils.swift; sourceTree = "<group>"; };
		86F14E4E20F450B700D1CF7D /* AppResources.swift */ = {isa = PBXFileReference; lastKnownFileType = sourcecode.swift; path = AppResources.swift; sourceTree = "<group>"; };
		86F14E5120F4550200D1CF7D /* MapViewFactory.swift */ = {isa = PBXFileReference; lastKnownFileType = sourcecode.swift; path = MapViewFactory.swift; sourceTree = "<group>"; };
		86F14E5320F45D3600D1CF7D /* UIColor.swift */ = {isa = PBXFileReference; lastKnownFileType = sourcecode.swift; path = UIColor.swift; sourceTree = "<group>"; };
		86F14E5620F4662800D1CF7D /* StationsMapPresenter.swift */ = {isa = PBXFileReference; lastKnownFileType = sourcecode.swift; path = StationsMapPresenter.swift; sourceTree = "<group>"; };
/* End PBXFileReference section */

/* Begin PBXFrameworksBuildPhase section */
		8621A2DE20F6FE0A00A2D8B1 /* Frameworks */ = {
			isa = PBXFrameworksBuildPhase;
			buildActionMask = 2147483647;
			files = (
				864A38C22102A343006AD3A0 /* Mapbox.framework in Frameworks */,
			);
			runOnlyForDeploymentPostprocessing = 0;
		};
		864A38992102A061006AD3A0 /* Frameworks */ = {
			isa = PBXFrameworksBuildPhase;
			buildActionMask = 2147483647;
			files = (
				864A38BA2102A08A006AD3A0 /* EventKit.framework in Frameworks */,
				864A38BB2102A08A006AD3A0 /* EventKitUI.framework in Frameworks */,
			);
			runOnlyForDeploymentPostprocessing = 0;
		};
		864A38A22102A062006AD3A0 /* Frameworks */ = {
			isa = PBXFrameworksBuildPhase;
			buildActionMask = 2147483647;
			files = (
				864A38A62102A062006AD3A0 /* Frameworks.framework in Frameworks */,
			);
			runOnlyForDeploymentPostprocessing = 0;
		};
		868D008E20F00FFF00C9D8B1 /* Frameworks */ = {
			isa = PBXFrameworksBuildPhase;
			buildActionMask = 2147483647;
			files = (
			);
			runOnlyForDeploymentPostprocessing = 0;
		};
		868D009920F00FFF00C9D8B1 /* Frameworks */ = {
			isa = PBXFrameworksBuildPhase;
			buildActionMask = 2147483647;
			files = (
			);
			runOnlyForDeploymentPostprocessing = 0;
		};
/* End PBXFrameworksBuildPhase section */

/* Begin PBXGroup section */
		8611AF7521017A2D0002663B /* Fonts */ = {
			isa = PBXGroup;
			children = (
				864C6FDC212CE7DE0072C26B /* IconsCataloge.ttf */,
				869E2CCA2125347500B2FA9F /* Montserrat-Bold.ttf */,
				867468E3210194A700E4809D /* OpenSansCondensed-Bold.ttf */,
				8611AF82210186100002663B /* Montserrat-Medium.ttf */,
			);
			path = Fonts;
			sourceTree = "<group>";
		};
		8611AF7E21017D2A0002663B /* Theme */ = {
			isa = PBXGroup;
			children = (
				8611AF7F21017D3F0002663B /* FontStyle.swift */,
				8611AF7A21017AAD0002663B /* Theme.swift */,
				864FE4D121163E170053DFB1 /* UIFactory.swift */,
				864FE4D32116422A0053DFB1 /* UIThemes.swift */,
			);
			path = Theme;
			sourceTree = "<group>";
		};
		862517C920F849CF002F2048 /* Data Persistence */ = {
			isa = PBXGroup;
			children = (
				862517CA20F84A27002F2048 /* RepositoryRealm */,
			);
			path = "Data Persistence";
			sourceTree = "<group>";
		};
		862517CA20F84A27002F2048 /* RepositoryRealm */ = {
			isa = PBXGroup;
			children = (
				862517CB20F84D2F002F2048 /* RealmHandler.swift */,
				862517E120FD7A32002F2048 /* RepositoryRealm.swift */,
			);
			path = RepositoryRealm;
			sourceTree = "<group>";
		};
		862517D620FD70B3002F2048 /* UseCase */ = {
			isa = PBXGroup;
			children = (
				862517D720FD70D9002F2048 /* ActivitiesUseCase.swift */,
				862517D320FD7071002F2048 /* ActivitiesUseCaseImpl.swift */,
			);
			path = UseCase;
			sourceTree = "<group>";
		};
		86385C78213362CB002EA9DF /* Presenter */ = {
			isa = PBXGroup;
			children = (
				86385C79213362DC002EA9DF /* CardBalancePresenter.swift */,
			);
			path = Presenter;
			sourceTree = "<group>";
		};
		86385C7B21336C09002EA9DF /* Cordinator */ = {
			isa = PBXGroup;
			children = (
				86385C7C21336C2E002EA9DF /* CardBalanceCordinator.swift */,
			);
			path = Cordinator;
			sourceTree = "<group>";
		};
		86385C7E21337367002EA9DF /* Core */ = {
			isa = PBXGroup;
			children = (
				86385C82213373AF002EA9DF /* Repository */,
				86385C81213373A6002EA9DF /* UseCase */,
				86385C7F2133737A002EA9DF /* Networking */,
			);
			path = Core;
			sourceTree = "<group>";
		};
		86385C7F2133737A002EA9DF /* Networking */ = {
			isa = PBXGroup;
			children = (
				86385C8321337437002EA9DF /* CardBalanceWebService.swift */,
			);
			path = Networking;
			sourceTree = "<group>";
		};
		86385C81213373A6002EA9DF /* UseCase */ = {
			isa = PBXGroup;
			children = (
				86385C8921338392002EA9DF /* CardUseCase.swift */,
				86385C8B2133840E002EA9DF /* CardUseCaseImpl.swift */,
				869E1D0F2134BA04004BE0A9 /* CardRepository.swift */,
			);
			path = UseCase;
			sourceTree = "<group>";
		};
		86385C82213373AF002EA9DF /* Repository */ = {
			isa = PBXGroup;
			children = (
				86385C852133747E002EA9DF /* Card.swift */,
				86385C8721337558002EA9DF /* RealmCard.swift */,
			);
			path = Repository;
			sourceTree = "<group>";
		};
		8641325320FFFF860031F4F4 /* StationsMap */ = {
			isa = PBXGroup;
			children = (
				869E2CC12124FA0800B2FA9F /* Presenter */,
				869E2CC02124F9ED00B2FA9F /* Views */,
			);
			path = StationsMap;
			sourceTree = "<group>";
		};
		86413256210000220031F4F4 /* Protocols */ = {
			isa = PBXGroup;
			children = (
				864132572100017A0031F4F4 /* ReusableIdentifier.swift */,
			);
			path = Protocols;
			sourceTree = "<group>";
		};
		864A389E2102A061006AD3A0 /* Frameworks */ = {
			isa = PBXGroup;
			children = (
				864A389F2102A062006AD3A0 /* Frameworks.h */,
				864A38A02102A062006AD3A0 /* Info.plist */,
			);
			path = Frameworks;
			sourceTree = "<group>";
		};
		864A38AB2102A062006AD3A0 /* FrameworksTests */ = {
			isa = PBXGroup;
			children = (
				864A38AC2102A062006AD3A0 /* FrameworksTests.swift */,
				864A38AE2102A062006AD3A0 /* Info.plist */,
			);
			path = FrameworksTests;
			sourceTree = "<group>";
		};
		864C6FDB212CE2DC0072C26B /* IconInputView */ = {
			isa = PBXGroup;
			children = (
				86CB75EB212B9F8800DBDB98 /* IconInputView.swift */,
				86385C7421335D91002EA9DF /* ColorCell.swift */,
				86385C7621335ED3002EA9DF /* IconCell.swift */,
			);
			path = IconInputView;
			sourceTree = "<group>";
		};
		8652A35E212A3FED00ED1910 /* CardBalance */ = {
			isa = PBXGroup;
			children = (
				86385C7E21337367002EA9DF /* Core */,
				86385C7B21336C09002EA9DF /* Cordinator */,
				86385C78213362CB002EA9DF /* Presenter */,
				8652A35F212A405600ED1910 /* View */,
			);
			path = CardBalance;
			sourceTree = "<group>";
		};
		8652A35F212A405600ED1910 /* View */ = {
			isa = PBXGroup;
			children = (
				864C6FDB212CE2DC0072C26B /* IconInputView */,
				8652A360212A407600ED1910 /* CardBalanceViewController.swift */,
				8652A362212B2D3500ED1910 /* CardBalanceTransition.swift */,
				86CB75E3212B607200DBDB98 /* IconPickerView.swift */,
				86CB75E5212B6BCD00DBDB98 /* CustomeTextField.swift */,
			);
			path = View;
			sourceTree = "<group>";
		};
		86695E1D20F6D3F900F74150 /* Networking */ = {
			isa = PBXGroup;
			children = (
				8621A30620F70C2E00A2D8B1 /* BaseService.swift */,
				8621A30F20F7107000A2D8B1 /* DecodingError.swift */,
				86695E1E20F6D50600F74150 /* Endpoints.swift */,
				862517D920FD7851002F2048 /* ErrorResponse.swift */,
				86695E2020F6E65900F74150 /* RequestFactory.swift */,
				86695E2220F6E67C00F74150 /* WebResources.swift */,
			);
			path = Networking;
			sourceTree = "<group>";
		};
		868128432122743900A7A011 /* Fetures */ = {
			isa = PBXGroup;
			children = (
				8652A35E212A3FED00ED1910 /* CardBalance */,
				869E2CC521250C7100B2FA9F /* Overlay */,
				86C0681E20F4168C00A6B17A /* AppLaunch */,
				8681284F2123BACC00A7A011 /* MoreBoard */,
				8641325320FFFF860031F4F4 /* StationsMap */,
				86C0681020F413D800A6B17A /* ActivitiesBoard */,
			);
			path = Fetures;
			sourceTree = "<group>";
		};
		868128442122746500A7A011 /* Views */ = {
			isa = PBXGroup;
			children = (
				868128452122748900A7A011 /* MainNavigationViewController.swift */,
				868128472123AAF200A7A011 /* MenuItemView.swift */,
			);
			path = Views;
			sourceTree = "<group>";
		};
		8681284F2123BACC00A7A011 /* MoreBoard */ = {
			isa = PBXGroup;
			children = (
				869E2CBB2124F95200B2FA9F /* Views */,
			);
			path = MoreBoard;
			sourceTree = "<group>";
		};
		868D007420F00FFE00C9D8B1 = {
			isa = PBXGroup;
			children = (
				868D007F20F00FFE00C9D8B1 /* suburbano */,
				868D008C20F00FFF00C9D8B1 /* Info.plist */,
				868D009420F00FFF00C9D8B1 /* suburbanoTests */,
				868D009F20F00FFF00C9D8B1 /* suburbanoUITests */,
				864A38AB2102A062006AD3A0 /* FrameworksTests */,
				864A389E2102A061006AD3A0 /* Frameworks */,
				868D007E20F00FFE00C9D8B1 /* Products */,
				868D00AF20F014F900C9D8B1 /* Frameworks */,
			);
			sourceTree = "<group>";
		};
		868D007E20F00FFE00C9D8B1 /* Products */ = {
			isa = PBXGroup;
			children = (
				868D009120F00FFF00C9D8B1 /* suburbanoTests.xctest */,
				868D009C20F00FFF00C9D8B1 /* suburbanoUITests.xctest */,
				8621A2EB20F6FE0A00A2D8B1 /* suburbano.app */,
				864A389D2102A061006AD3A0 /* Frameworks.framework */,
				864A38A52102A062006AD3A0 /* FrameworksTests.xctest */,
			);
			name = Products;
			sourceTree = "<group>";
		};
		868D007F20F00FFE00C9D8B1 /* suburbano */ = {
			isa = PBXGroup;
			children = (
				869E1D132134CEA0004BE0A9 /* suburbano.entitlements */,
				86C0681220F4140E00A6B17A /* AppDelegates */,
				868D00B220F0167400C9D8B1 /* Assets */,
				86C0681420F4150C00A6B17A /* Core */,
				868128432122743900A7A011 /* Fetures */,
			);
			path = suburbano;
			sourceTree = "<group>";
		};
		868D009420F00FFF00C9D8B1 /* suburbanoTests */ = {
			isa = PBXGroup;
			children = (
				868D009520F00FFF00C9D8B1 /* suburbanoTests.swift */,
				868D009720F00FFF00C9D8B1 /* Info.plist */,
			);
			path = suburbanoTests;
			sourceTree = "<group>";
		};
		868D009F20F00FFF00C9D8B1 /* suburbanoUITests */ = {
			isa = PBXGroup;
			children = (
				868D00A020F00FFF00C9D8B1 /* suburbanoUITests.swift */,
				868D00A220F00FFF00C9D8B1 /* Info.plist */,
			);
			path = suburbanoUITests;
			sourceTree = "<group>";
		};
		868D00AF20F014F900C9D8B1 /* Frameworks */ = {
			isa = PBXGroup;
			children = (
				864A38BE2102A2A4006AD3A0 /* Realm.framework */,
				864A38BF2102A2A4006AD3A0 /* RealmSwift.framework */,
				864A389221029335006AD3A0 /* EventKit.framework */,
				864A389321029336006AD3A0 /* EventKitUI.framework */,
				868D00B020F014F900C9D8B1 /* Mapbox.framework */,
			);
			name = Frameworks;
			sourceTree = "<group>";
		};
		868D00B220F0167400C9D8B1 /* Assets */ = {
			isa = PBXGroup;
			children = (
				869E40DD21370C7F00EB133F /* Animations */,
				86C0680A20F0532A00A6B17A /* AppIcon.xcassets */,
				86F14E4820F43F6D00D1CF7D /* Assets.xcassets */,
				86C0680620F0496300A6B17A /* Colors.xcassets */,
				8611AF7521017A2D0002663B /* Fonts */,
				868D008920F00FFF00C9D8B1 /* LaunchScreen.storyboard */,
				868D00B320F0167C00C9D8B1 /* maps */,
			);
			path = Assets;
			sourceTree = "<group>";
		};
		868D00B320F0167C00C9D8B1 /* maps */ = {
			isa = PBXGroup;
			children = (
				86C0680420F01F7D00A6B17A /* mapStyle.json */,
				868D00B420F0168600C9D8B1 /* geoJSON */,
			);
			path = maps;
			sourceTree = "<group>";
		};
		868D00B420F0168600C9D8B1 /* geoJSON */ = {
			isa = PBXGroup;
			children = (
				86C0680220F0175800A6B17A /* train-rail.geojson */,
			);
			path = geoJSON;
			sourceTree = "<group>";
		};
		869E2CBB2124F95200B2FA9F /* Views */ = {
			isa = PBXGroup;
			children = (
				868128502123BAFA00A7A011 /* MoreBoardViewController.swift */,
			);
			path = Views;
			sourceTree = "<group>";
		};
		869E2CBC2124F99C00B2FA9F /* Views */ = {
			isa = PBXGroup;
			children = (
				8641325420FFFFD00031F4F4 /* AcvtivityCell.swift */,
				8641324F20FFF4E10031F4F4 /* ActivitiesBoardViewController.swift */,
				8641325B210019360031F4F4 /* ActivitiesBoardViewController+DataSource.swift */,
				863EF66A211BEC26003FEBEC /* ActivitiesBoardViewController+EventSchedule.swift */,
			);
			path = Views;
			sourceTree = "<group>";
		};
		869E2CBD2124F9B000B2FA9F /* Repository */ = {
			isa = PBXGroup;
			children = (
				8621A30D20F70DF900A2D8B1 /* Activity.swift */,
				862517E620FD8001002F2048 /* RealmActivity.swift */,
				862517E320FD7FB6002F2048 /* ActivitiesRepository.swift */,
			);
			path = Repository;
			sourceTree = "<group>";
		};
		869E2CBE2124F9BE00B2FA9F /* Presenter */ = {
			isa = PBXGroup;
			children = (
				8641325921000DA70031F4F4 /* ActivitiesBoardPresenter.swift */,
			);
			path = Presenter;
			sourceTree = "<group>";
		};
		869E2CC02124F9ED00B2FA9F /* Views */ = {
			isa = PBXGroup;
			children = (
				86F14E5120F4550200D1CF7D /* MapViewFactory.swift */,
				868D008220F00FFE00C9D8B1 /* StationsViewController.swift */,
				869E2CCE21277D1600B2FA9F /* StationMapAnnotation.swift */,
				86B830DF21376CE80063AC75 /* CardBalancePicker */,
			);
			path = Views;
			sourceTree = "<group>";
		};
		869E2CC12124FA0800B2FA9F /* Presenter */ = {
			isa = PBXGroup;
			children = (
				86F14E5620F4662800D1CF7D /* StationsMapPresenter.swift */,
			);
			path = Presenter;
			sourceTree = "<group>";
		};
		869E2CC22124FA3D00B2FA9F /* Networking */ = {
			isa = PBXGroup;
			children = (
				8621A30B20F70DDB00A2D8B1 /* ActivitiesWebService.swift */,
			);
			path = Networking;
			sourceTree = "<group>";
		};
		869E2CC32124FA7600B2FA9F /* Core */ = {
			isa = PBXGroup;
			children = (
				869E2CC22124FA3D00B2FA9F /* Networking */,
				869E2CBD2124F9B000B2FA9F /* Repository */,
				862517D620FD70B3002F2048 /* UseCase */,
			);
			path = Core;
			sourceTree = "<group>";
		};
		869E2CC42124FADA00B2FA9F /* Type Extentions */ = {
			isa = PBXGroup;
			children = (
				861FC57E210FF7BD0024783A /* Date.swift */,
				867468E121018BAD00E4809D /* String.swift */,
			);
			path = "Type Extentions";
			sourceTree = "<group>";
		};
		869E2CC521250C7100B2FA9F /* Overlay */ = {
			isa = PBXGroup;
			children = (
				86B830DA213742110063AC75 /* Loading */,
				86B830D9213742030063AC75 /* PopUp */,
			);
			path = Overlay;
			sourceTree = "<group>";
		};
		869E40DD21370C7F00EB133F /* Animations */ = {
			isa = PBXGroup;
			children = (
				869E40E221371CE100EB133F /* success.json */,
				869E40E021371CC900EB133F /* loading.json */,
			);
			path = Animations;
			sourceTree = "<group>";
		};
		86B830D9213742030063AC75 /* PopUp */ = {
			isa = PBXGroup;
			children = (
				869E2CC8212524DB00B2FA9F /* PopUpTransition.swift */,
				869E2CC621250C9300B2FA9F /* PopUpViewController.swift */,
				86B830DD213765A80063AC75 /* AlertContext.swift */,
			);
			path = PopUp;
			sourceTree = "<group>";
		};
		86B830DA213742110063AC75 /* Loading */ = {
			isa = PBXGroup;
			children = (
				86B830DB2137422A0063AC75 /* LoadingView.swift */,
			);
			path = Loading;
			sourceTree = "<group>";
		};
		86B830DF21376CE80063AC75 /* CardBalancePicker */ = {
			isa = PBXGroup;
			children = (
				8652A35A2129074700ED1910 /* CardBalancePicker.swift */,
				8652A35C212915C900ED1910 /* BalanceEmptyMessageView.swift */,
				86B830E0213843FB0063AC75 /* CardCell.swift */,
				86B830E2213844440063AC75 /* FadingCollectionLayout.swift */,
				86B830E42138485A0063AC75 /* FadingCollectionView.swift */,
			);
			path = CardBalancePicker;
			sourceTree = "<group>";
		};
		86B830E6213857C90063AC75 /* Notifications */ = {
			isa = PBXGroup;
			children = (
				86B830E7213857EA0063AC75 /* Notifications.swift */,
			);
			path = Notifications;
			sourceTree = "<group>";
		};
		86C0680D20F413A000A6B17A /* UseCases */ = {
			isa = PBXGroup;
			children = (
				862517D020FD6ED0002F2048 /* UseCaseLocator.swift */,
			);
			path = UseCases;
			sourceTree = "<group>";
		};
		86C0681020F413D800A6B17A /* ActivitiesBoard */ = {
			isa = PBXGroup;
			children = (
				869E2CC32124FA7600B2FA9F /* Core */,
				869E2CBE2124F9BE00B2FA9F /* Presenter */,
				869E2CBC2124F99C00B2FA9F /* Views */,
			);
			path = ActivitiesBoard;
			sourceTree = "<group>";
		};
		86C0681220F4140E00A6B17A /* AppDelegates */ = {
			isa = PBXGroup;
			children = (
				868D008020F00FFE00C9D8B1 /* AppDelegate.swift */,
				86C0682120F41FF400A6B17A /* ApplicationCoordinatorAppDelegate.swift */,
				86C0681F20F4176D00A6B17A /* PluggableApplicationDelegate.swift */,
				86695E1B20F6D24400F74150 /* ResourceSynchronizerAppDelegate.swift */,
				869E1D112134C9D0004BE0A9 /* RealmAppDelegate.swift */,
			);
			path = AppDelegates;
			sourceTree = "<group>";
		};
		86C0681420F4150C00A6B17A /* Core */ = {
			isa = PBXGroup;
			children = (
				86B830E6213857C90063AC75 /* Notifications */,
				86C0681820F4158000A6B17A /* Constatns */,
				862517C920F849CF002F2048 /* Data Persistence */,
				86695E1D20F6D3F900F74150 /* Networking */,
				86413256210000220031F4F4 /* Protocols */,
				8611AF7E21017D2A0002663B /* Theme */,
				869E2CC42124FADA00B2FA9F /* Type Extentions */,
				86C0681D20F4162F00A6B17A /* UI Extension */,
				86C0680D20F413A000A6B17A /* UseCases */,
				86C0681B20F415B500A6B17A /* Utils */,
			);
			path = Core;
			sourceTree = "<group>";
		};
		86C0681820F4158000A6B17A /* Constatns */ = {
			isa = PBXGroup;
			children = (
				8621A2ED20F7026400A2D8B1 /* AppConstants.swift */,
				86F14E4E20F450B700D1CF7D /* AppResources.swift */,
			);
			path = Constatns;
			sourceTree = "<group>";
		};
		86C0681B20F415B500A6B17A /* Utils */ = {
			isa = PBXGroup;
			children = (
				86F14E4C20F4500E00D1CF7D /* Utils.swift */,
				86CB75E7212B834200DBDB98 /* Utils+Screen.swift */,
			);
			path = Utils;
			sourceTree = "<group>";
		};
		86C0681D20F4162F00A6B17A /* UI Extension */ = {
			isa = PBXGroup;
			children = (
				868128522123CA1B00A7A011 /* NSLayoutAnchor.swift */,
				86F14E5320F45D3600D1CF7D /* UIColor.swift */,
				861FC580211010480024783A /* UIEdgeInsets.swift */,
				861FC582211015460024783A /* UIStackView.swift */,
				86F14E4A20F43FE300D1CF7D /* UITabBar.swift */,
				8641325120FFF6ED0031F4F4 /* UIView.swift */,
				869E2CCC2125380600B2FA9F /* UIButton.swift */,
			);
			path = "UI Extension";
			sourceTree = "<group>";
		};
		86C0681E20F4168C00A6B17A /* AppLaunch */ = {
			isa = PBXGroup;
			children = (
				86C0682320F4222D00A6B17A /* ApplicationCoordinator.swift */,
				86C0682720F4227900A6B17A /* Coordinator.swift */,
				86B1F49021094F7E00BFD6A9 /* MainCordinator.swift */,
				868128442122746500A7A011 /* Views */,
			);
			path = AppLaunch;
			sourceTree = "<group>";
		};
/* End PBXGroup section */

/* Begin PBXHeadersBuildPhase section */
		864A389A2102A061006AD3A0 /* Headers */ = {
			isa = PBXHeadersBuildPhase;
			buildActionMask = 2147483647;
			files = (
				864A38AF2102A062006AD3A0 /* Frameworks.h in Headers */,
			);
			runOnlyForDeploymentPostprocessing = 0;
		};
/* End PBXHeadersBuildPhase section */

/* Begin PBXNativeTarget section */
		8621A2CB20F6FE0A00A2D8B1 /* suburbano */ = {
			isa = PBXNativeTarget;
			buildConfigurationList = 8621A2E820F6FE0A00A2D8B1 /* Build configuration list for PBXNativeTarget "suburbano" */;
			buildPhases = (
				8621A2CC20F6FE0A00A2D8B1 /* Sources */,
				8621A2DE20F6FE0A00A2D8B1 /* Frameworks */,
				8621A2E020F6FE0A00A2D8B1 /* Resources */,
				8621A2E720F6FE0A00A2D8B1 /* ShellScript */,
				8621A2FE20F7075500A2D8B1 /* Embed Frameworks */,
			);
			buildRules = (
			);
			dependencies = (
				864A38B12102A062006AD3A0 /* PBXTargetDependency */,
			);
			name = suburbano;
			productName = suburbano;
			productReference = 8621A2EB20F6FE0A00A2D8B1 /* suburbano.app */;
			productType = "com.apple.product-type.application";
		};
		864A389C2102A061006AD3A0 /* Frameworks */ = {
			isa = PBXNativeTarget;
			buildConfigurationList = 864A38B42102A062006AD3A0 /* Build configuration list for PBXNativeTarget "Frameworks" */;
			buildPhases = (
				864A38982102A061006AD3A0 /* Sources */,
				864A38992102A061006AD3A0 /* Frameworks */,
				864A389A2102A061006AD3A0 /* Headers */,
				864A389B2102A061006AD3A0 /* Resources */,
			);
			buildRules = (
			);
			dependencies = (
			);
			name = Frameworks;
			productName = Frameworks;
			productReference = 864A389D2102A061006AD3A0 /* Frameworks.framework */;
			productType = "com.apple.product-type.framework";
		};
		864A38A42102A062006AD3A0 /* FrameworksTests */ = {
			isa = PBXNativeTarget;
			buildConfigurationList = 864A38B72102A062006AD3A0 /* Build configuration list for PBXNativeTarget "FrameworksTests" */;
			buildPhases = (
				864A38A12102A062006AD3A0 /* Sources */,
				864A38A22102A062006AD3A0 /* Frameworks */,
				864A38A32102A062006AD3A0 /* Resources */,
			);
			buildRules = (
			);
			dependencies = (
				864A38A82102A062006AD3A0 /* PBXTargetDependency */,
				864A38AA2102A062006AD3A0 /* PBXTargetDependency */,
			);
			name = FrameworksTests;
			productName = FrameworksTests;
			productReference = 864A38A52102A062006AD3A0 /* FrameworksTests.xctest */;
			productType = "com.apple.product-type.bundle.unit-test";
		};
		868D009020F00FFF00C9D8B1 /* suburbanoTests */ = {
			isa = PBXNativeTarget;
			buildConfigurationList = 868D00A820F00FFF00C9D8B1 /* Build configuration list for PBXNativeTarget "suburbanoTests" */;
			buildPhases = (
				868D008D20F00FFF00C9D8B1 /* Sources */,
				868D008E20F00FFF00C9D8B1 /* Frameworks */,
				868D008F20F00FFF00C9D8B1 /* Resources */,
			);
			buildRules = (
			);
			dependencies = (
			);
			name = suburbanoTests;
			productName = suburbanoTests;
			productReference = 868D009120F00FFF00C9D8B1 /* suburbanoTests.xctest */;
			productType = "com.apple.product-type.bundle.unit-test";
		};
		868D009B20F00FFF00C9D8B1 /* suburbanoUITests */ = {
			isa = PBXNativeTarget;
			buildConfigurationList = 868D00AB20F00FFF00C9D8B1 /* Build configuration list for PBXNativeTarget "suburbanoUITests" */;
			buildPhases = (
				868D009820F00FFF00C9D8B1 /* Sources */,
				868D009920F00FFF00C9D8B1 /* Frameworks */,
				868D009A20F00FFF00C9D8B1 /* Resources */,
			);
			buildRules = (
			);
			dependencies = (
			);
			name = suburbanoUITests;
			productName = suburbanoUITests;
			productReference = 868D009C20F00FFF00C9D8B1 /* suburbanoUITests.xctest */;
			productType = "com.apple.product-type.bundle.ui-testing";
		};
/* End PBXNativeTarget section */

/* Begin PBXProject section */
		868D007520F00FFE00C9D8B1 /* Project object */ = {
			isa = PBXProject;
			attributes = {
				LastSwiftUpdateCheck = 0940;
				LastUpgradeCheck = 0940;
				ORGANIZATIONNAME = "chimichanga studio";
				TargetAttributes = {
					8621A2CB20F6FE0A00A2D8B1 = {
						ProvisioningStyle = Automatic;
						SystemCapabilities = {
							com.apple.ApplicationGroups.iOS = {
								enabled = 1;
							};
						};
					};
					864A389C2102A061006AD3A0 = {
						CreatedOnToolsVersion = 9.4.1;
						ProvisioningStyle = Automatic;
					};
					864A38A42102A062006AD3A0 = {
						CreatedOnToolsVersion = 9.4.1;
						ProvisioningStyle = Automatic;
						TestTargetID = 8621A2CB20F6FE0A00A2D8B1;
					};
					868D009020F00FFF00C9D8B1 = {
						CreatedOnToolsVersion = 9.2;
						ProvisioningStyle = Automatic;
						TestTargetID = 868D007C20F00FFE00C9D8B1;
					};
					868D009B20F00FFF00C9D8B1 = {
						CreatedOnToolsVersion = 9.2;
						ProvisioningStyle = Automatic;
						TestTargetID = 868D007C20F00FFE00C9D8B1;
					};
				};
			};
			buildConfigurationList = 868D007820F00FFE00C9D8B1 /* Build configuration list for PBXProject "suburbano" */;
			compatibilityVersion = "Xcode 8.0";
			developmentRegion = en;
			hasScannedForEncodings = 0;
			knownRegions = (
				en,
				Base,
			);
			mainGroup = 868D007420F00FFE00C9D8B1;
			productRefGroup = 868D007E20F00FFE00C9D8B1 /* Products */;
			projectDirPath = "";
			projectRoot = "";
			targets = (
				8621A2CB20F6FE0A00A2D8B1 /* suburbano */,
				868D009020F00FFF00C9D8B1 /* suburbanoTests */,
				868D009B20F00FFF00C9D8B1 /* suburbanoUITests */,
				864A389C2102A061006AD3A0 /* Frameworks */,
				864A38A42102A062006AD3A0 /* FrameworksTests */,
			);
		};
/* End PBXProject section */

/* Begin PBXResourcesBuildPhase section */
		8621A2E020F6FE0A00A2D8B1 /* Resources */ = {
			isa = PBXResourcesBuildPhase;
			buildActionMask = 2147483647;
			files = (
				8621A2E120F6FE0A00A2D8B1 /* train-rail.geojson in Resources */,
				8621A2E220F6FE0A00A2D8B1 /* LaunchScreen.storyboard in Resources */,
				869E40E121371CC900EB133F /* loading.json in Resources */,
				8621A2E320F6FE0A00A2D8B1 /* Colors.xcassets in Resources */,
				8621A2E420F6FE0A00A2D8B1 /* Assets.xcassets in Resources */,
				8621A2E520F6FE0A00A2D8B1 /* AppIcon.xcassets in Resources */,
				869E2CCB2125347500B2FA9F /* Montserrat-Bold.ttf in Resources */,
				869E40E321371CE100EB133F /* success.json in Resources */,
				867468E4210194A700E4809D /* OpenSansCondensed-Bold.ttf in Resources */,
				864C6FDD212CE7DE0072C26B /* IconsCataloge.ttf in Resources */,
				8621A2E620F6FE0A00A2D8B1 /* mapStyle.json in Resources */,
				8611AF83210186100002663B /* Montserrat-Medium.ttf in Resources */,
			);
			runOnlyForDeploymentPostprocessing = 0;
		};
		864A389B2102A061006AD3A0 /* Resources */ = {
			isa = PBXResourcesBuildPhase;
			buildActionMask = 2147483647;
			files = (
			);
			runOnlyForDeploymentPostprocessing = 0;
		};
		864A38A32102A062006AD3A0 /* Resources */ = {
			isa = PBXResourcesBuildPhase;
			buildActionMask = 2147483647;
			files = (
			);
			runOnlyForDeploymentPostprocessing = 0;
		};
		868D008F20F00FFF00C9D8B1 /* Resources */ = {
			isa = PBXResourcesBuildPhase;
			buildActionMask = 2147483647;
			files = (
			);
			runOnlyForDeploymentPostprocessing = 0;
		};
		868D009A20F00FFF00C9D8B1 /* Resources */ = {
			isa = PBXResourcesBuildPhase;
			buildActionMask = 2147483647;
			files = (
			);
			runOnlyForDeploymentPostprocessing = 0;
		};
/* End PBXResourcesBuildPhase section */

/* Begin PBXShellScriptBuildPhase section */
		8621A2E720F6FE0A00A2D8B1 /* ShellScript */ = {
			isa = PBXShellScriptBuildPhase;
			buildActionMask = 2147483647;
			files = (
			);
			inputPaths = (
				"$(SRCROOT)/Carthage/Build/iOS/Mapbox.framework",
				"$(SRCROOT)/Carthage/Build/iOS/Realm.framework",
				"$(SRCROOT)/Carthage/Build/iOS/RealmSwift.framework",
				"$(SRCROOT)/Carthage/Build/iOS/Lottie.framework",
			);
			outputPaths = (
			);
			runOnlyForDeploymentPostprocessing = 0;
			shellPath = /bin/sh;
			shellScript = "/usr/local/bin/carthage copy-frameworks";
		};
/* End PBXShellScriptBuildPhase section */

/* Begin PBXSourcesBuildPhase section */
		8621A2CC20F6FE0A00A2D8B1 /* Sources */ = {
			isa = PBXSourcesBuildPhase;
			buildActionMask = 2147483647;
			files = (
				8641325020FFF4E10031F4F4 /* ActivitiesBoardViewController.swift in Sources */,
				862517D120FD6ED0002F2048 /* UseCaseLocator.swift in Sources */,
				867468E221018BAD00E4809D /* String.swift in Sources */,
				8652A35B2129074700ED1910 /* CardBalancePicker.swift in Sources */,
				8621A2CD20F6FE0A00A2D8B1 /* UITabBar.swift in Sources */,
				86385C8421337437002EA9DF /* CardBalanceWebService.swift in Sources */,
				8621A2EF20F7046200A2D8B1 /* AppConstants.swift in Sources */,
				862517D820FD70D9002F2048 /* ActivitiesUseCase.swift in Sources */,
				861FC581211010480024783A /* UIEdgeInsets.swift in Sources */,
				868128462122748900A7A011 /* MainNavigationViewController.swift in Sources */,
				8621A2CE20F6FE0A00A2D8B1 /* ApplicationCoordinator.swift in Sources */,
				86385C862133747E002EA9DF /* Card.swift in Sources */,
				8652A361212A407600ED1910 /* CardBalanceViewController.swift in Sources */,
				8621A2CF20F6FE0A00A2D8B1 /* AppResources.swift in Sources */,
				86B830DE213765A80063AC75 /* AlertContext.swift in Sources */,
				86CB75E6212B6BCD00DBDB98 /* CustomeTextField.swift in Sources */,
				862517CC20F84D2F002F2048 /* RealmHandler.swift in Sources */,
				8621A30C20F70DDB00A2D8B1 /* ActivitiesWebService.swift in Sources */,
				86B830E8213857EA0063AC75 /* Notifications.swift in Sources */,
				86CB75E8212B834200DBDB98 /* Utils+Screen.swift in Sources */,
				8621A2D020F6FE0A00A2D8B1 /* StationsViewController.swift in Sources */,
				8621A2D120F6FE0A00A2D8B1 /* Coordinator.swift in Sources */,
				86CB75E4212B607200DBDB98 /* IconPickerView.swift in Sources */,
				8641325520FFFFD00031F4F4 /* AcvtivityCell.swift in Sources */,
				8621A2D220F6FE0A00A2D8B1 /* PluggableApplicationDelegate.swift in Sources */,
				861FC57F210FF7BD0024783A /* Date.swift in Sources */,
				8611AF8021017D3F0002663B /* FontStyle.swift in Sources */,
				86385C8821337558002EA9DF /* RealmCard.swift in Sources */,
				86385C8A21338392002EA9DF /* CardUseCase.swift in Sources */,
				869E2CC9212524DB00B2FA9F /* PopUpTransition.swift in Sources */,
				86B830E52138485A0063AC75 /* FadingCollectionView.swift in Sources */,
				868128532123CA1B00A7A011 /* NSLayoutAnchor.swift in Sources */,
				86B830E3213844440063AC75 /* FadingCollectionLayout.swift in Sources */,
				86385C7A213362DC002EA9DF /* CardBalancePresenter.swift in Sources */,
				8641325A21000DA70031F4F4 /* ActivitiesBoardPresenter.swift in Sources */,
				864FE4D221163E170053DFB1 /* UIFactory.swift in Sources */,
				864132582100017A0031F4F4 /* ReusableIdentifier.swift in Sources */,
				8641325220FFF6ED0031F4F4 /* UIView.swift in Sources */,
				86385C7721335ED3002EA9DF /* IconCell.swift in Sources */,
				869E2CCF21277D1600B2FA9F /* StationMapAnnotation.swift in Sources */,
				86CB75EC212B9F8800DBDB98 /* IconInputView.swift in Sources */,
				868128482123AAF200A7A011 /* MenuItemView.swift in Sources */,
				869E2CC721250C9300B2FA9F /* PopUpViewController.swift in Sources */,
				861FC583211015460024783A /* UIStackView.swift in Sources */,
				8621A2D320F6FE0A00A2D8B1 /* WebResources.swift in Sources */,
				8621A2D420F6FE0A00A2D8B1 /* RequestFactory.swift in Sources */,
				8621A2D520F6FE0A00A2D8B1 /* MapViewFactory.swift in Sources */,
				8621A2D620F6FE0A00A2D8B1 /* UIColor.swift in Sources */,
				868128512123BAFA00A7A011 /* MoreBoardViewController.swift in Sources */,
				8621A2D720F6FE0A00A2D8B1 /* StationsMapPresenter.swift in Sources */,
				862517E220FD7A32002F2048 /* RepositoryRealm.swift in Sources */,
				8621A30720F70C2E00A2D8B1 /* BaseService.swift in Sources */,
				86B1F49121094F7E00BFD6A9 /* MainCordinator.swift in Sources */,
				86B830E1213843FB0063AC75 /* CardCell.swift in Sources */,
				8621A2D820F6FE0A00A2D8B1 /* Utils.swift in Sources */,
				8652A35D212915CA00ED1910 /* BalanceEmptyMessageView.swift in Sources */,
				862517D420FD7071002F2048 /* ActivitiesUseCaseImpl.swift in Sources */,
				862517E420FD7FB6002F2048 /* ActivitiesRepository.swift in Sources */,
				8621A2D920F6FE0A00A2D8B1 /* Endpoints.swift in Sources */,
				8621A2DA20F6FE0A00A2D8B1 /* ResourceSynchronizerAppDelegate.swift in Sources */,
				8611AF7B21017AAD0002663B /* Theme.swift in Sources */,
				8652A363212B2D3500ED1910 /* CardBalanceTransition.swift in Sources */,
				86385C7D21336C2E002EA9DF /* CardBalanceCordinator.swift in Sources */,
				869E2CCD2125380600B2FA9F /* UIButton.swift in Sources */,
				864FE4D42116422A0053DFB1 /* UIThemes.swift in Sources */,
				869E1D102134BA04004BE0A9 /* CardRepository.swift in Sources */,
				869E1D122134C9D0004BE0A9 /* RealmAppDelegate.swift in Sources */,
				863EF66B211BEC26003FEBEC /* ActivitiesBoardViewController+EventSchedule.swift in Sources */,
				8621A2DB20F6FE0A00A2D8B1 /* ApplicationCoordinatorAppDelegate.swift in Sources */,
				86B830DC2137422A0063AC75 /* LoadingView.swift in Sources */,
				8621A30E20F70DF900A2D8B1 /* Activity.swift in Sources */,
				8641325C210019360031F4F4 /* ActivitiesBoardViewController+DataSource.swift in Sources */,
				86385C7521335D91002EA9DF /* ColorCell.swift in Sources */,
				8621A2DC20F6FE0A00A2D8B1 /* AppDelegate.swift in Sources */,
				862517E720FD8001002F2048 /* RealmActivity.swift in Sources */,
				8621A31020F7107000A2D8B1 /* DecodingError.swift in Sources */,
				86385C8C2133840E002EA9DF /* CardUseCaseImpl.swift in Sources */,
				862517DA20FD7851002F2048 /* ErrorResponse.swift in Sources */,
			);
			runOnlyForDeploymentPostprocessing = 0;
		};
		864A38982102A061006AD3A0 /* Sources */ = {
			isa = PBXSourcesBuildPhase;
			buildActionMask = 2147483647;
			files = (
			);
			runOnlyForDeploymentPostprocessing = 0;
		};
		864A38A12102A062006AD3A0 /* Sources */ = {
			isa = PBXSourcesBuildPhase;
			buildActionMask = 2147483647;
			files = (
				864A38AD2102A062006AD3A0 /* FrameworksTests.swift in Sources */,
			);
			runOnlyForDeploymentPostprocessing = 0;
		};
		868D008D20F00FFF00C9D8B1 /* Sources */ = {
			isa = PBXSourcesBuildPhase;
			buildActionMask = 2147483647;
			files = (
				868D009620F00FFF00C9D8B1 /* suburbanoTests.swift in Sources */,
			);
			runOnlyForDeploymentPostprocessing = 0;
		};
		868D009820F00FFF00C9D8B1 /* Sources */ = {
			isa = PBXSourcesBuildPhase;
			buildActionMask = 2147483647;
			files = (
				868D00A120F00FFF00C9D8B1 /* suburbanoUITests.swift in Sources */,
			);
			runOnlyForDeploymentPostprocessing = 0;
		};
/* End PBXSourcesBuildPhase section */

/* Begin PBXTargetDependency section */
		864A38A82102A062006AD3A0 /* PBXTargetDependency */ = {
			isa = PBXTargetDependency;
			target = 864A389C2102A061006AD3A0 /* Frameworks */;
			targetProxy = 864A38A72102A062006AD3A0 /* PBXContainerItemProxy */;
		};
		864A38AA2102A062006AD3A0 /* PBXTargetDependency */ = {
			isa = PBXTargetDependency;
			target = 8621A2CB20F6FE0A00A2D8B1 /* suburbano */;
			targetProxy = 864A38A92102A062006AD3A0 /* PBXContainerItemProxy */;
		};
		864A38B12102A062006AD3A0 /* PBXTargetDependency */ = {
			isa = PBXTargetDependency;
			target = 864A389C2102A061006AD3A0 /* Frameworks */;
			targetProxy = 864A38B02102A062006AD3A0 /* PBXContainerItemProxy */;
		};
/* End PBXTargetDependency section */

/* Begin PBXVariantGroup section */
		868D008920F00FFF00C9D8B1 /* LaunchScreen.storyboard */ = {
			isa = PBXVariantGroup;
			children = (
				868D008A20F00FFF00C9D8B1 /* Base */,
			);
			name = LaunchScreen.storyboard;
			sourceTree = "<group>";
		};
/* End PBXVariantGroup section */

/* Begin XCBuildConfiguration section */
		8621A2E920F6FE0A00A2D8B1 /* Debug */ = {
			isa = XCBuildConfiguration;
			buildSettings = {
				APP_DISPLAY_NAME = "Suburbano-Dev";
				ASSETCATALOG_COMPILER_APPICON_NAME = AppIcon;
				ASSETCATALOG_COMPILER_OPTIMIZATION = space;
				CODE_SIGN_ENTITLEMENTS = suburbano/suburbano.entitlements;
				"CODE_SIGN_IDENTITY[sdk=iphoneos*]" = "iPhone Developer";
				CODE_SIGN_STYLE = Automatic;
				DEVELOPMENT_TEAM = C6Z3FX5CCN;
				ENVIRONMENT_NAME = Debug;
				FRAMEWORK_SEARCH_PATHS = (
					"$(inherited)",
					"$(PROJECT_DIR)/Carthage/Build/iOS",
				);
				FSUBURBANOS_HOST = "https://app.fsuburbanos.com";
				INFOPLIST_FILE = Info.plist;
				IPHONEOS_DEPLOYMENT_TARGET = 11.0;
				LD_RUNPATH_SEARCH_PATHS = "$(inherited) @executable_path/Frameworks";
				MACH_O_TYPE = mh_execute;
				MAIN_HOST = "https://raw.githubusercontent.com";
				PRODUCT_BUNDLE_IDENTIFIER = com.migueloruiz.suburbano.suburbano;
				PRODUCT_NAME = "$(TARGET_NAME)";
				PROVISIONING_PROFILE_SPECIFIER = "";
				SWIFT_VERSION = 4.0;
				TARGETED_DEVICE_FAMILY = "1,2";
			};
			name = Debug;
		};
		8621A2EA20F6FE0A00A2D8B1 /* Release */ = {
			isa = XCBuildConfiguration;
			buildSettings = {
				APP_DISPLAY_NAME = Suburbano;
				ASSETCATALOG_COMPILER_APPICON_NAME = AppIcon;
				ASSETCATALOG_COMPILER_OPTIMIZATION = space;
				CODE_SIGN_ENTITLEMENTS = suburbano/suburbano.entitlements;
				"CODE_SIGN_IDENTITY[sdk=iphoneos*]" = "iPhone Developer";
				CODE_SIGN_STYLE = Automatic;
				DEVELOPMENT_TEAM = C6Z3FX5CCN;
				ENVIRONMENT_NAME = Release;
				FRAMEWORK_SEARCH_PATHS = (
					"$(inherited)",
					"$(PROJECT_DIR)/Carthage/Build/iOS",
				);
				FSUBURBANOS_HOST = "https://app.fsuburbanos.com";
				INFOPLIST_FILE = Info.plist;
				IPHONEOS_DEPLOYMENT_TARGET = 11.0;
				LD_RUNPATH_SEARCH_PATHS = "$(inherited) @executable_path/Frameworks";
				MACH_O_TYPE = mh_execute;
				MAIN_HOST = "https://raw.githubusercontent.com";
				PRODUCT_BUNDLE_IDENTIFIER = com.migueloruiz.suburbano.suburbano;
				PRODUCT_NAME = "$(TARGET_NAME)";
				PROVISIONING_PROFILE_SPECIFIER = "";
				SWIFT_VERSION = 4.0;
				TARGETED_DEVICE_FAMILY = "1,2";
			};
			name = Release;
		};
		864A38B52102A062006AD3A0 /* Debug */ = {
			isa = XCBuildConfiguration;
			buildSettings = {
				CLANG_ENABLE_OBJC_WEAK = YES;
				CLANG_WARN_DEPRECATED_OBJC_IMPLEMENTATIONS = YES;
				CLANG_WARN_OBJC_IMPLICIT_RETAIN_SELF = YES;
				CODE_SIGN_IDENTITY = "";
				CODE_SIGN_STYLE = Automatic;
				CURRENT_PROJECT_VERSION = 1;
				DEFINES_MODULE = YES;
				DEVELOPMENT_TEAM = C6Z3FX5CCN;
				DYLIB_COMPATIBILITY_VERSION = 1;
				DYLIB_CURRENT_VERSION = 1;
				DYLIB_INSTALL_NAME_BASE = "@rpath";
				FRAMEWORK_SEARCH_PATHS = (
					"$(inherited)",
					"$(PROJECT_DIR)/Carthage/Build/iOS",
				);
				INFOPLIST_FILE = Frameworks/Info.plist;
				INSTALL_PATH = "$(LOCAL_LIBRARY_DIR)/Frameworks";
				IPHONEOS_DEPLOYMENT_TARGET = 11.4;
				LD_RUNPATH_SEARCH_PATHS = "$(inherited) @executable_path/Frameworks @loader_path/Frameworks";
				OTHER_LDFLAGS = "-all_load";
				PRODUCT_BUNDLE_IDENTIFIER = com.migueloruiz.suburbano.Frameworks;
				PRODUCT_NAME = "$(TARGET_NAME:c99extidentifier)";
				SKIP_INSTALL = YES;
				SWIFT_VERSION = 4.0;
				TARGETED_DEVICE_FAMILY = "1,2";
				VERSIONING_SYSTEM = "apple-generic";
				VERSION_INFO_PREFIX = "";
			};
			name = Debug;
		};
		864A38B62102A062006AD3A0 /* Release */ = {
			isa = XCBuildConfiguration;
			buildSettings = {
				CLANG_ENABLE_OBJC_WEAK = YES;
				CLANG_WARN_DEPRECATED_OBJC_IMPLEMENTATIONS = YES;
				CLANG_WARN_OBJC_IMPLICIT_RETAIN_SELF = YES;
				CODE_SIGN_IDENTITY = "";
				CODE_SIGN_STYLE = Automatic;
				CURRENT_PROJECT_VERSION = 1;
				DEFINES_MODULE = YES;
				DEVELOPMENT_TEAM = C6Z3FX5CCN;
				DYLIB_COMPATIBILITY_VERSION = 1;
				DYLIB_CURRENT_VERSION = 1;
				DYLIB_INSTALL_NAME_BASE = "@rpath";
				FRAMEWORK_SEARCH_PATHS = (
					"$(inherited)",
					"$(PROJECT_DIR)/Carthage/Build/iOS",
				);
				INFOPLIST_FILE = Frameworks/Info.plist;
				INSTALL_PATH = "$(LOCAL_LIBRARY_DIR)/Frameworks";
				IPHONEOS_DEPLOYMENT_TARGET = 11.4;
				LD_RUNPATH_SEARCH_PATHS = "$(inherited) @executable_path/Frameworks @loader_path/Frameworks";
				OTHER_LDFLAGS = "-all_load";
				PRODUCT_BUNDLE_IDENTIFIER = com.migueloruiz.suburbano.Frameworks;
				PRODUCT_NAME = "$(TARGET_NAME:c99extidentifier)";
				SKIP_INSTALL = YES;
				SWIFT_VERSION = 4.0;
				TARGETED_DEVICE_FAMILY = "1,2";
				VERSIONING_SYSTEM = "apple-generic";
				VERSION_INFO_PREFIX = "";
			};
			name = Release;
		};
		864A38B82102A062006AD3A0 /* Debug */ = {
			isa = XCBuildConfiguration;
			buildSettings = {
				ALWAYS_EMBED_SWIFT_STANDARD_LIBRARIES = YES;
				CLANG_ENABLE_OBJC_WEAK = YES;
				CLANG_WARN_DEPRECATED_OBJC_IMPLEMENTATIONS = YES;
				CLANG_WARN_OBJC_IMPLICIT_RETAIN_SELF = YES;
				CODE_SIGN_STYLE = Automatic;
				DEVELOPMENT_TEAM = ZA326M6Y84;
				INFOPLIST_FILE = FrameworksTests/Info.plist;
				IPHONEOS_DEPLOYMENT_TARGET = 11.4;
				LD_RUNPATH_SEARCH_PATHS = "$(inherited) @executable_path/Frameworks @loader_path/Frameworks";
				PRODUCT_BUNDLE_IDENTIFIER = com.migueloruiz.suburbano.FrameworksTests;
				PRODUCT_NAME = "$(TARGET_NAME)";
				SWIFT_VERSION = 4.0;
				TARGETED_DEVICE_FAMILY = "1,2";
				TEST_HOST = "$(BUILT_PRODUCTS_DIR)/suburbano.app/suburbano";
			};
			name = Debug;
		};
		864A38B92102A062006AD3A0 /* Release */ = {
			isa = XCBuildConfiguration;
			buildSettings = {
				ALWAYS_EMBED_SWIFT_STANDARD_LIBRARIES = YES;
				CLANG_ENABLE_OBJC_WEAK = YES;
				CLANG_WARN_DEPRECATED_OBJC_IMPLEMENTATIONS = YES;
				CLANG_WARN_OBJC_IMPLICIT_RETAIN_SELF = YES;
				CODE_SIGN_STYLE = Automatic;
				DEVELOPMENT_TEAM = ZA326M6Y84;
				INFOPLIST_FILE = FrameworksTests/Info.plist;
				IPHONEOS_DEPLOYMENT_TARGET = 11.4;
				LD_RUNPATH_SEARCH_PATHS = "$(inherited) @executable_path/Frameworks @loader_path/Frameworks";
				PRODUCT_BUNDLE_IDENTIFIER = com.migueloruiz.suburbano.FrameworksTests;
				PRODUCT_NAME = "$(TARGET_NAME)";
				SWIFT_VERSION = 4.0;
				TARGETED_DEVICE_FAMILY = "1,2";
				TEST_HOST = "$(BUILT_PRODUCTS_DIR)/suburbano.app/suburbano";
			};
			name = Release;
		};
		868D00A320F00FFF00C9D8B1 /* Debug */ = {
			isa = XCBuildConfiguration;
			buildSettings = {
				ALWAYS_SEARCH_USER_PATHS = NO;
				CLANG_ANALYZER_NONNULL = YES;
				CLANG_ANALYZER_NUMBER_OBJECT_CONVERSION = YES_AGGRESSIVE;
				CLANG_CXX_LANGUAGE_STANDARD = "gnu++14";
				CLANG_CXX_LIBRARY = "libc++";
				CLANG_ENABLE_MODULES = YES;
				CLANG_ENABLE_OBJC_ARC = YES;
				CLANG_WARN_BLOCK_CAPTURE_AUTORELEASING = YES;
				CLANG_WARN_BOOL_CONVERSION = YES;
				CLANG_WARN_COMMA = YES;
				CLANG_WARN_CONSTANT_CONVERSION = YES;
				CLANG_WARN_DEPRECATED_OBJC_IMPLEMENTATIONS = YES;
				CLANG_WARN_DIRECT_OBJC_ISA_USAGE = YES_ERROR;
				CLANG_WARN_DOCUMENTATION_COMMENTS = YES;
				CLANG_WARN_EMPTY_BODY = YES;
				CLANG_WARN_ENUM_CONVERSION = YES;
				CLANG_WARN_INFINITE_RECURSION = YES;
				CLANG_WARN_INT_CONVERSION = YES;
				CLANG_WARN_NON_LITERAL_NULL_CONVERSION = YES;
				CLANG_WARN_OBJC_IMPLICIT_RETAIN_SELF = YES;
				CLANG_WARN_OBJC_LITERAL_CONVERSION = YES;
				CLANG_WARN_OBJC_ROOT_CLASS = YES_ERROR;
				CLANG_WARN_RANGE_LOOP_ANALYSIS = YES;
				CLANG_WARN_STRICT_PROTOTYPES = YES;
				CLANG_WARN_SUSPICIOUS_MOVE = YES;
				CLANG_WARN_UNGUARDED_AVAILABILITY = YES_AGGRESSIVE;
				CLANG_WARN_UNREACHABLE_CODE = YES;
				CLANG_WARN__DUPLICATE_METHOD_MATCH = YES;
				CODE_SIGN_IDENTITY = "iPhone Developer";
				COPY_PHASE_STRIP = NO;
				DEBUG_INFORMATION_FORMAT = dwarf;
				ENABLE_STRICT_OBJC_MSGSEND = YES;
				ENABLE_TESTABILITY = YES;
				GCC_C_LANGUAGE_STANDARD = gnu11;
				GCC_DYNAMIC_NO_PIC = NO;
				GCC_NO_COMMON_BLOCKS = YES;
				GCC_OPTIMIZATION_LEVEL = 0;
				GCC_PREPROCESSOR_DEFINITIONS = (
					"DEBUG=1",
					"$(inherited)",
				);
				GCC_WARN_64_TO_32_BIT_CONVERSION = YES;
				GCC_WARN_ABOUT_RETURN_TYPE = YES_ERROR;
				GCC_WARN_UNDECLARED_SELECTOR = YES;
				GCC_WARN_UNINITIALIZED_AUTOS = YES_AGGRESSIVE;
				GCC_WARN_UNUSED_FUNCTION = YES;
				GCC_WARN_UNUSED_VARIABLE = YES;
				IPHONEOS_DEPLOYMENT_TARGET = 11.2;
				MTL_ENABLE_DEBUG_INFO = YES;
				ONLY_ACTIVE_ARCH = YES;
				SDKROOT = iphoneos;
				SWIFT_ACTIVE_COMPILATION_CONDITIONS = DEBUG;
				SWIFT_OPTIMIZATION_LEVEL = "-Onone";
			};
			name = Debug;
		};
		868D00A420F00FFF00C9D8B1 /* Release */ = {
			isa = XCBuildConfiguration;
			buildSettings = {
				ALWAYS_SEARCH_USER_PATHS = NO;
				CLANG_ANALYZER_NONNULL = YES;
				CLANG_ANALYZER_NUMBER_OBJECT_CONVERSION = YES_AGGRESSIVE;
				CLANG_CXX_LANGUAGE_STANDARD = "gnu++14";
				CLANG_CXX_LIBRARY = "libc++";
				CLANG_ENABLE_MODULES = YES;
				CLANG_ENABLE_OBJC_ARC = YES;
				CLANG_WARN_BLOCK_CAPTURE_AUTORELEASING = YES;
				CLANG_WARN_BOOL_CONVERSION = YES;
				CLANG_WARN_COMMA = YES;
				CLANG_WARN_CONSTANT_CONVERSION = YES;
				CLANG_WARN_DEPRECATED_OBJC_IMPLEMENTATIONS = YES;
				CLANG_WARN_DIRECT_OBJC_ISA_USAGE = YES_ERROR;
				CLANG_WARN_DOCUMENTATION_COMMENTS = YES;
				CLANG_WARN_EMPTY_BODY = YES;
				CLANG_WARN_ENUM_CONVERSION = YES;
				CLANG_WARN_INFINITE_RECURSION = YES;
				CLANG_WARN_INT_CONVERSION = YES;
				CLANG_WARN_NON_LITERAL_NULL_CONVERSION = YES;
				CLANG_WARN_OBJC_IMPLICIT_RETAIN_SELF = YES;
				CLANG_WARN_OBJC_LITERAL_CONVERSION = YES;
				CLANG_WARN_OBJC_ROOT_CLASS = YES_ERROR;
				CLANG_WARN_RANGE_LOOP_ANALYSIS = YES;
				CLANG_WARN_STRICT_PROTOTYPES = YES;
				CLANG_WARN_SUSPICIOUS_MOVE = YES;
				CLANG_WARN_UNGUARDED_AVAILABILITY = YES_AGGRESSIVE;
				CLANG_WARN_UNREACHABLE_CODE = YES;
				CLANG_WARN__DUPLICATE_METHOD_MATCH = YES;
				CODE_SIGN_IDENTITY = "iPhone Developer";
				COPY_PHASE_STRIP = NO;
				DEBUG_INFORMATION_FORMAT = "dwarf-with-dsym";
				ENABLE_NS_ASSERTIONS = NO;
				ENABLE_STRICT_OBJC_MSGSEND = YES;
				GCC_C_LANGUAGE_STANDARD = gnu11;
				GCC_NO_COMMON_BLOCKS = YES;
				GCC_WARN_64_TO_32_BIT_CONVERSION = YES;
				GCC_WARN_ABOUT_RETURN_TYPE = YES_ERROR;
				GCC_WARN_UNDECLARED_SELECTOR = YES;
				GCC_WARN_UNINITIALIZED_AUTOS = YES_AGGRESSIVE;
				GCC_WARN_UNUSED_FUNCTION = YES;
				GCC_WARN_UNUSED_VARIABLE = YES;
				IPHONEOS_DEPLOYMENT_TARGET = 11.2;
				MTL_ENABLE_DEBUG_INFO = NO;
				SDKROOT = iphoneos;
				SWIFT_OPTIMIZATION_LEVEL = "-Owholemodule";
				VALIDATE_PRODUCT = YES;
			};
			name = Release;
		};
		868D00A920F00FFF00C9D8B1 /* Debug */ = {
			isa = XCBuildConfiguration;
			buildSettings = {
				ALWAYS_EMBED_SWIFT_STANDARD_LIBRARIES = YES;
				BUNDLE_LOADER = "$(TEST_HOST)";
				CODE_SIGN_STYLE = Automatic;
				DEVELOPMENT_TEAM = ZA326M6Y84;
				INFOPLIST_FILE = suburbanoTests/Info.plist;
				LD_RUNPATH_SEARCH_PATHS = "$(inherited) @executable_path/Frameworks @loader_path/Frameworks";
				PRODUCT_BUNDLE_IDENTIFIER = com.migueloruiz.suburbano.suburbanoTests;
				PRODUCT_NAME = "$(TARGET_NAME)";
				SWIFT_VERSION = 4.0;
				TARGETED_DEVICE_FAMILY = "1,2";
				TEST_HOST = "$(BUILT_PRODUCTS_DIR)/suburbano.app/suburbano";
			};
			name = Debug;
		};
		868D00AA20F00FFF00C9D8B1 /* Release */ = {
			isa = XCBuildConfiguration;
			buildSettings = {
				ALWAYS_EMBED_SWIFT_STANDARD_LIBRARIES = YES;
				BUNDLE_LOADER = "$(TEST_HOST)";
				CODE_SIGN_STYLE = Automatic;
				DEVELOPMENT_TEAM = ZA326M6Y84;
				INFOPLIST_FILE = suburbanoTests/Info.plist;
				LD_RUNPATH_SEARCH_PATHS = "$(inherited) @executable_path/Frameworks @loader_path/Frameworks";
				PRODUCT_BUNDLE_IDENTIFIER = com.migueloruiz.suburbano.suburbanoTests;
				PRODUCT_NAME = "$(TARGET_NAME)";
				SWIFT_VERSION = 4.0;
				TARGETED_DEVICE_FAMILY = "1,2";
				TEST_HOST = "$(BUILT_PRODUCTS_DIR)/suburbano.app/suburbano";
			};
			name = Release;
		};
		868D00AC20F00FFF00C9D8B1 /* Debug */ = {
			isa = XCBuildConfiguration;
			buildSettings = {
				ALWAYS_EMBED_SWIFT_STANDARD_LIBRARIES = YES;
				CODE_SIGN_STYLE = Automatic;
				DEVELOPMENT_TEAM = ZA326M6Y84;
				INFOPLIST_FILE = suburbanoUITests/Info.plist;
				LD_RUNPATH_SEARCH_PATHS = "$(inherited) @executable_path/Frameworks @loader_path/Frameworks";
				PRODUCT_BUNDLE_IDENTIFIER = com.migueloruiz.suburbano.suburbanoUITests;
				PRODUCT_NAME = "$(TARGET_NAME)";
				SWIFT_VERSION = 4.0;
				TARGETED_DEVICE_FAMILY = "1,2";
				TEST_TARGET_NAME = suburbano;
			};
			name = Debug;
		};
		868D00AD20F00FFF00C9D8B1 /* Release */ = {
			isa = XCBuildConfiguration;
			buildSettings = {
				ALWAYS_EMBED_SWIFT_STANDARD_LIBRARIES = YES;
				CODE_SIGN_STYLE = Automatic;
				DEVELOPMENT_TEAM = ZA326M6Y84;
				INFOPLIST_FILE = suburbanoUITests/Info.plist;
				LD_RUNPATH_SEARCH_PATHS = "$(inherited) @executable_path/Frameworks @loader_path/Frameworks";
				PRODUCT_BUNDLE_IDENTIFIER = com.migueloruiz.suburbano.suburbanoUITests;
				PRODUCT_NAME = "$(TARGET_NAME)";
				SWIFT_VERSION = 4.0;
				TARGETED_DEVICE_FAMILY = "1,2";
				TEST_TARGET_NAME = suburbano;
			};
			name = Release;
		};
/* End XCBuildConfiguration section */

/* Begin XCConfigurationList section */
		8621A2E820F6FE0A00A2D8B1 /* Build configuration list for PBXNativeTarget "suburbano" */ = {
			isa = XCConfigurationList;
			buildConfigurations = (
				8621A2E920F6FE0A00A2D8B1 /* Debug */,
				8621A2EA20F6FE0A00A2D8B1 /* Release */,
			);
			defaultConfigurationIsVisible = 0;
			defaultConfigurationName = Release;
		};
		864A38B42102A062006AD3A0 /* Build configuration list for PBXNativeTarget "Frameworks" */ = {
			isa = XCConfigurationList;
			buildConfigurations = (
				864A38B52102A062006AD3A0 /* Debug */,
				864A38B62102A062006AD3A0 /* Release */,
			);
			defaultConfigurationIsVisible = 0;
			defaultConfigurationName = Release;
		};
		864A38B72102A062006AD3A0 /* Build configuration list for PBXNativeTarget "FrameworksTests" */ = {
			isa = XCConfigurationList;
			buildConfigurations = (
				864A38B82102A062006AD3A0 /* Debug */,
				864A38B92102A062006AD3A0 /* Release */,
			);
			defaultConfigurationIsVisible = 0;
			defaultConfigurationName = Release;
		};
		868D007820F00FFE00C9D8B1 /* Build configuration list for PBXProject "suburbano" */ = {
			isa = XCConfigurationList;
			buildConfigurations = (
				868D00A320F00FFF00C9D8B1 /* Debug */,
				868D00A420F00FFF00C9D8B1 /* Release */,
			);
			defaultConfigurationIsVisible = 0;
			defaultConfigurationName = Release;
		};
		868D00A820F00FFF00C9D8B1 /* Build configuration list for PBXNativeTarget "suburbanoTests" */ = {
			isa = XCConfigurationList;
			buildConfigurations = (
				868D00A920F00FFF00C9D8B1 /* Debug */,
				868D00AA20F00FFF00C9D8B1 /* Release */,
			);
			defaultConfigurationIsVisible = 0;
			defaultConfigurationName = Release;
		};
		868D00AB20F00FFF00C9D8B1 /* Build configuration list for PBXNativeTarget "suburbanoUITests" */ = {
			isa = XCConfigurationList;
			buildConfigurations = (
				868D00AC20F00FFF00C9D8B1 /* Debug */,
				868D00AD20F00FFF00C9D8B1 /* Release */,
			);
			defaultConfigurationIsVisible = 0;
			defaultConfigurationName = Release;
		};
/* End XCConfigurationList section */
	};
	rootObject = 868D007520F00FFE00C9D8B1 /* Project object */;
}
